<?xml version="1.0" encoding="utf-8"?>
<Project ToolsVersion="17.0" xmlns="http://schemas.microsoft.com/developer/msbuild/2003">
  <ItemGroup>
    <ClCompile Include="C:\Users\fulcrum\Documents\cppProjects\Mnemosy\Mnemosy\Solution\Code\Dependencies\openCV\opencv\modules\dnn\CMakeFiles\opencv_test_dnn.dir\cmake_pch.cxx">
      <Filter>Source Files</Filter>
    </ClCompile>
    <ClCompile Include="C:\Users\fulcrum\Documents\cppProjects\Mnemosy\Mnemosy\Code\Dependencies\openCV\opencv\modules\dnn\test\npy_blob.cpp">
      <Filter>Src</Filter>
    </ClCompile>
    <ClCompile Include="C:\Users\fulcrum\Documents\cppProjects\Mnemosy\Mnemosy\Code\Dependencies\openCV\opencv\modules\dnn\test\test_backends.cpp">
      <Filter>Src</Filter>
    </ClCompile>
    <ClCompile Include="C:\Users\fulcrum\Documents\cppProjects\Mnemosy\Mnemosy\Code\Dependencies\openCV\opencv\modules\dnn\test\test_caffe_importer.cpp">
      <Filter>Src</Filter>
    </ClCompile>
    <ClCompile Include="C:\Users\fulcrum\Documents\cppProjects\Mnemosy\Mnemosy\Code\Dependencies\openCV\opencv\modules\dnn\test\test_common.cpp">
      <Filter>Src</Filter>
    </ClCompile>
    <ClCompile Include="C:\Users\fulcrum\Documents\cppProjects\Mnemosy\Mnemosy\Code\Dependencies\openCV\opencv\modules\dnn\test\test_darknet_importer.cpp">
      <Filter>Src</Filter>
    </ClCompile>
    <ClCompile Include="C:\Users\fulcrum\Documents\cppProjects\Mnemosy\Mnemosy\Code\Dependencies\openCV\opencv\modules\dnn\test\test_googlenet.cpp">
      <Filter>Src</Filter>
    </ClCompile>
    <ClCompile Include="C:\Users\fulcrum\Documents\cppProjects\Mnemosy\Mnemosy\Code\Dependencies\openCV\opencv\modules\dnn\test\test_graph_simplifier.cpp">
      <Filter>Src</Filter>
    </ClCompile>
    <ClCompile Include="C:\Users\fulcrum\Documents\cppProjects\Mnemosy\Mnemosy\Code\Dependencies\openCV\opencv\modules\dnn\test\test_ie_models.cpp">
      <Filter>Src</Filter>
    </ClCompile>
    <ClCompile Include="C:\Users\fulcrum\Documents\cppProjects\Mnemosy\Mnemosy\Code\Dependencies\openCV\opencv\modules\dnn\test\test_int8_layers.cpp">
      <Filter>Src</Filter>
    </ClCompile>
    <ClCompile Include="C:\Users\fulcrum\Documents\cppProjects\Mnemosy\Mnemosy\Code\Dependencies\openCV\opencv\modules\dnn\test\test_layers.cpp">
      <Filter>Src</Filter>
    </ClCompile>
    <ClCompile Include="C:\Users\fulcrum\Documents\cppProjects\Mnemosy\Mnemosy\Code\Dependencies\openCV\opencv\modules\dnn\test\test_main.cpp">
      <Filter>Src</Filter>
    </ClCompile>
    <ClCompile Include="C:\Users\fulcrum\Documents\cppProjects\Mnemosy\Mnemosy\Code\Dependencies\openCV\opencv\modules\dnn\test\test_misc.cpp">
      <Filter>Src</Filter>
    </ClCompile>
    <ClCompile Include="C:\Users\fulcrum\Documents\cppProjects\Mnemosy\Mnemosy\Code\Dependencies\openCV\opencv\modules\dnn\test\test_model.cpp">
      <Filter>Src</Filter>
    </ClCompile>
    <ClCompile Include="C:\Users\fulcrum\Documents\cppProjects\Mnemosy\Mnemosy\Code\Dependencies\openCV\opencv\modules\dnn\test\test_nms.cpp">
      <Filter>Src</Filter>
    </ClCompile>
    <ClCompile Include="C:\Users\fulcrum\Documents\cppProjects\Mnemosy\Mnemosy\Code\Dependencies\openCV\opencv\modules\dnn\test\test_onnx_conformance.cpp">
      <Filter>Src</Filter>
    </ClCompile>
    <ClCompile Include="C:\Users\fulcrum\Documents\cppProjects\Mnemosy\Mnemosy\Code\Dependencies\openCV\opencv\modules\dnn\test\test_onnx_importer.cpp">
      <Filter>Src</Filter>
    </ClCompile>
    <ClCompile Include="C:\Users\fulcrum\Documents\cppProjects\Mnemosy\Mnemosy\Code\Dependencies\openCV\opencv\modules\dnn\test\test_tf_importer.cpp">
      <Filter>Src</Filter>
    </ClCompile>
    <ClCompile Include="C:\Users\fulcrum\Documents\cppProjects\Mnemosy\Mnemosy\Code\Dependencies\openCV\opencv\modules\dnn\test\test_tflite_importer.cpp">
      <Filter>Src</Filter>
    </ClCompile>
    <ClCompile Include="C:\Users\fulcrum\Documents\cppProjects\Mnemosy\Mnemosy\Code\Dependencies\openCV\opencv\modules\dnn\test\test_torch_importer.cpp">
      <Filter>Src</Filter>
    </ClCompile>
  </ItemGroup>
  <ItemGroup>
    <ClInclude Include="C:\Users\fulcrum\Documents\cppProjects\Mnemosy\Mnemosy\Code\Dependencies\openCV\opencv\modules\dnn\test\npy_blob.hpp">
      <Filter>Include</Filter>
    </ClInclude>
    <ClInclude Include="C:\Users\fulcrum\Documents\cppProjects\Mnemosy\Mnemosy\Code\Dependencies\openCV\opencv\modules\dnn\test\test_common.hpp">
      <Filter>test_common</Filter>
    </ClInclude>
    <ClInclude Include="C:\Users\fulcrum\Documents\cppProjects\Mnemosy\Mnemosy\Code\Dependencies\openCV\opencv\modules\dnn\test\test_common.impl.hpp">
      <Filter>test_common</Filter>
    </ClInclude>
    <ClInclude Include="C:\Users\fulcrum\Documents\cppProjects\Mnemosy\Mnemosy\Code\Dependencies\openCV\opencv\modules\dnn\test\test_onnx_conformance_layer_filter__cuda_denylist.inl.hpp">
      <Filter>Include</Filter>
    </ClInclude>
    <ClInclude Include="C:\Users\fulcrum\Documents\cppProjects\Mnemosy\Mnemosy\Code\Dependencies\openCV\opencv\modules\dnn\test\test_onnx_conformance_layer_filter__halide_denylist.inl.hpp">
      <Filter>Include</Filter>
    </ClInclude>
    <ClInclude Include="C:\Users\fulcrum\Documents\cppProjects\Mnemosy\Mnemosy\Code\Dependencies\openCV\opencv\modules\dnn\test\test_onnx_conformance_layer_filter__openvino.inl.hpp">
      <Filter>Include</Filter>
    </ClInclude>
    <ClInclude Include="C:\Users\fulcrum\Documents\cppProjects\Mnemosy\Mnemosy\Code\Dependencies\openCV\opencv\modules\dnn\test\test_onnx_conformance_layer_filter__vulkan_denylist.inl.hpp">
      <Filter>Include</Filter>
    </ClInclude>
    <ClInclude Include="C:\Users\fulcrum\Documents\cppProjects\Mnemosy\Mnemosy\Code\Dependencies\openCV\opencv\modules\dnn\test\test_onnx_conformance_layer_filter_opencv_all_denylist.inl.hpp">
      <Filter>Include</Filter>
    </ClInclude>
    <ClInclude Include="C:\Users\fulcrum\Documents\cppProjects\Mnemosy\Mnemosy\Code\Dependencies\openCV\opencv\modules\dnn\test\test_onnx_conformance_layer_filter_opencv_cpu_denylist.inl.hpp">
      <Filter>Include</Filter>
    </ClInclude>
    <ClInclude Include="C:\Users\fulcrum\Documents\cppProjects\Mnemosy\Mnemosy\Code\Dependencies\openCV\opencv\modules\dnn\test\test_onnx_conformance_layer_filter_opencv_denylist.inl.hpp">
      <Filter>Include</Filter>
    </ClInclude>
    <ClInclude Include="C:\Users\fulcrum\Documents\cppProjects\Mnemosy\Mnemosy\Code\Dependencies\openCV\opencv\modules\dnn\test\test_onnx_conformance_layer_filter_opencv_ocl_fp16_denylist.inl.hpp">
      <Filter>Include</Filter>
    </ClInclude>
    <ClInclude Include="C:\Users\fulcrum\Documents\cppProjects\Mnemosy\Mnemosy\Code\Dependencies\openCV\opencv\modules\dnn\test\test_onnx_conformance_layer_filter_opencv_ocl_fp32_denylist.inl.hpp">
      <Filter>Include</Filter>
    </ClInclude>
    <ClInclude Include="C:\Users\fulcrum\Documents\cppProjects\Mnemosy\Mnemosy\Code\Dependencies\openCV\opencv\modules\dnn\test\test_onnx_conformance_layer_parser_denylist.inl.hpp">
      <Filter>Include</Filter>
    </ClInclude>
    <ClInclude Include="C:\Users\fulcrum\Documents\cppProjects\Mnemosy\Mnemosy\Code\Dependencies\openCV\opencv\modules\dnn\test\test_precomp.hpp">
      <Filter>Include</Filter>
    </ClInclude>
    <ClInclude Include="C:\Users\fulcrum\Documents\cppProjects\Mnemosy\Mnemosy\Solution\Code\Dependencies\openCV\opencv\modules\dnn\CMakeFiles\opencv_test_dnn.dir\Debug\cmake_pch.hxx">
      <Filter>Precompile Header File</Filter>
    </ClInclude>
    <ClInclude Include="C:\Users\fulcrum\Documents\cppProjects\Mnemosy\Mnemosy\Solution\Code\Dependencies\openCV\opencv\modules\dnn\CMakeFiles\opencv_test_dnn.dir\Release\cmake_pch.hxx">
      <Filter>Precompile Header File</Filter>
    </ClInclude>
    <ClInclude Include="C:\Users\fulcrum\Documents\cppProjects\Mnemosy\Mnemosy\Solution\Code\Dependencies\openCV\opencv\modules\dnn\CMakeFiles\opencv_test_dnn.dir\MinSizeRel\cmake_pch.hxx">
      <Filter>Precompile Header File</Filter>
    </ClInclude>
    <ClInclude Include="C:\Users\fulcrum\Documents\cppProjects\Mnemosy\Mnemosy\Solution\Code\Dependencies\openCV\opencv\modules\dnn\CMakeFiles\opencv_test_dnn.dir\RelWithDebInfo\cmake_pch.hxx">
      <Filter>Precompile Header File</Filter>
    </ClInclude>
  </ItemGroup>
  <ItemGroup>
    <CustomBuild Include="C:\Users\fulcrum\Documents\cppProjects\Mnemosy\Mnemosy\Code\Dependencies\openCV\opencv\modules\dnn\CMakeLists.txt" />
  </ItemGroup>
  <ItemGroup>
    <Filter Include="Include">
      <UniqueIdentifier>{00728CAE-15D9-3023-B2D5-34D33D7AFE19}</UniqueIdentifier>
    </Filter>
    <Filter Include="Precompile Header File">
      <UniqueIdentifier>{CEF0C383-ECBD-36BC-82C5-2C0218026683}</UniqueIdentifier>
    </Filter>
    <Filter Include="Source Files">
      <UniqueIdentifier>{2B5C5160-0234-3C95-9768-209413C78BB6}</UniqueIdentifier>
    </Filter>
    <Filter Include="Src">
      <UniqueIdentifier>{32CD143F-BD4B-3A5A-9E62-C9D75B8FD7DA}</UniqueIdentifier>
    </Filter>
    <Filter Include="test_common">
      <UniqueIdentifier>{901F8466-6A13-3DC3-AAD1-860567E84462}</UniqueIdentifier>
    </Filter>
  </ItemGroup>
</Project>
