
Microsoft Visual Studio Solution File, Format Version 12.00
# Visual Studio Version 17
Project("{2150E333-8FDC-42A3-9474-1A3956D46DE8}") = "CMakePredefinedTargets", "CMakePredefinedTargets", "{D8B97FB5-2E98-3FAB-B553-4A51AB31BBDE}"
EndProject
Project("{2150E333-8FDC-42A3-9474-1A3956D46DE8}") = "CTestDashboardTargets", "CTestDashboardTargets", "{E91AF872-C30F-36E5-9807-C19175E65987}"
EndProject
Project("{8BC9CEB8-8B4A-11D0-8D11-00A0C91BC942}") = "ALL_BUILD", "ALL_BUILD.vcxproj", "{DA5856BA-AA4A-3298-A89E-BE6C969E4AAA}"
	ProjectSection(ProjectDependencies) = postProject
		{838CF6F2-DB24-393B-8DEA-6352D6D05874} = {838CF6F2-DB24-393B-8DEA-6352D6D05874}
	EndProjectSection
EndProject
Project("{8BC9CEB8-8B4A-11D0-8D11-00A0C91BC942}") = "Continuous", "Continuous.vcxproj", "{C327EBB7-1C38-37EB-A7AE-151D33DB1EED}"
	ProjectSection(ProjectDependencies) = postProject
		{838CF6F2-DB24-393B-8DEA-6352D6D05874} = {838CF6F2-DB24-393B-8DEA-6352D6D05874}
	EndProjectSection
EndProject
Project("{8BC9CEB8-8B4A-11D0-8D11-00A0C91BC942}") = "Experimental", "Experimental.vcxproj", "{74CEF1B7-613A-3AE7-B1F7-CE4F909BD0B2}"
	ProjectSection(ProjectDependencies) = postProject
		{838CF6F2-DB24-393B-8DEA-6352D6D05874} = {838CF6F2-DB24-393B-8DEA-6352D6D05874}
	EndProjectSection
EndProject
Project("{8BC9CEB8-8B4A-11D0-8D11-00A0C91BC942}") = "INSTALL", "INSTALL.vcxproj", "{475F8FD1-BE56-3835-B7A1-8AF848416A57}"
	ProjectSection(ProjectDependencies) = postProject
		{DA5856BA-AA4A-3298-A89E-BE6C969E4AAA} = {DA5856BA-AA4A-3298-A89E-BE6C969E4AAA}
		{838CF6F2-DB24-393B-8DEA-6352D6D05874} = {838CF6F2-DB24-393B-8DEA-6352D6D05874}
	EndProjectSection
EndProject
Project("{8BC9CEB8-8B4A-11D0-8D11-00A0C91BC942}") = "Nightly", "Nightly.vcxproj", "{BEE1278B-1B0B-3975-83DE-7FA8696AF4A1}"
	ProjectSection(ProjectDependencies) = postProject
		{838CF6F2-DB24-393B-8DEA-6352D6D05874} = {838CF6F2-DB24-393B-8DEA-6352D6D05874}
	EndProjectSection
EndProject
Project("{8BC9CEB8-8B4A-11D0-8D11-00A0C91BC942}") = "NightlyMemoryCheck", "NightlyMemoryCheck.vcxproj", "{04CA4DF1-07A0-301D-8078-970E3C0E8EBA}"
	ProjectSection(ProjectDependencies) = postProject
		{838CF6F2-DB24-393B-8DEA-6352D6D05874} = {838CF6F2-DB24-393B-8DEA-6352D6D05874}
	EndProjectSection
EndProject
Project("{8BC9CEB8-8B4A-11D0-8D11-00A0C91BC942}") = "PACKAGE", "PACKAGE.vcxproj", "{74B3A89B-F9B1-3045-AF04-34CF33F5002A}"
	ProjectSection(ProjectDependencies) = postProject
		{DA5856BA-AA4A-3298-A89E-BE6C969E4AAA} = {DA5856BA-AA4A-3298-A89E-BE6C969E4AAA}
		{838CF6F2-DB24-393B-8DEA-6352D6D05874} = {838CF6F2-DB24-393B-8DEA-6352D6D05874}
	EndProjectSection
EndProject
Project("{8BC9CEB8-8B4A-11D0-8D11-00A0C91BC942}") = "ZERO_CHECK", "..\..\..\\ZERO_CHECK.vcxproj", "{838CF6F2-DB24-393B-8DEA-6352D6D05874}"
	ProjectSection(ProjectDependencies) = postProject
	EndProjectSection
EndProject
Global
	GlobalSection(SolutionConfigurationPlatforms) = preSolution
		Debug|x64 = Debug|x64
		Release|x64 = Release|x64
		MinSizeRel|x64 = MinSizeRel|x64
		RelWithDebInfo|x64 = RelWithDebInfo|x64
	EndGlobalSection
	GlobalSection(ProjectConfigurationPlatforms) = postSolution
		{DA5856BA-AA4A-3298-A89E-BE6C969E4AAA}.Debug|x64.ActiveCfg = Debug|x64
		{DA5856BA-AA4A-3298-A89E-BE6C969E4AAA}.Debug|x64.Build.0 = Debug|x64
		{DA5856BA-AA4A-3298-A89E-BE6C969E4AAA}.Release|x64.ActiveCfg = Release|x64
		{DA5856BA-AA4A-3298-A89E-BE6C969E4AAA}.Release|x64.Build.0 = Release|x64
		{DA5856BA-AA4A-3298-A89E-BE6C969E4AAA}.MinSizeRel|x64.ActiveCfg = MinSizeRel|x64
		{DA5856BA-AA4A-3298-A89E-BE6C969E4AAA}.MinSizeRel|x64.Build.0 = MinSizeRel|x64
		{DA5856BA-AA4A-3298-A89E-BE6C969E4AAA}.RelWithDebInfo|x64.ActiveCfg = RelWithDebInfo|x64
		{DA5856BA-AA4A-3298-A89E-BE6C969E4AAA}.RelWithDebInfo|x64.Build.0 = RelWithDebInfo|x64
		{C327EBB7-1C38-37EB-A7AE-151D33DB1EED}.Debug|x64.ActiveCfg = Debug|x64
		{C327EBB7-1C38-37EB-A7AE-151D33DB1EED}.Release|x64.ActiveCfg = Release|x64
		{C327EBB7-1C38-37EB-A7AE-151D33DB1EED}.MinSizeRel|x64.ActiveCfg = MinSizeRel|x64
		{C327EBB7-1C38-37EB-A7AE-151D33DB1EED}.RelWithDebInfo|x64.ActiveCfg = RelWithDebInfo|x64
		{74CEF1B7-613A-3AE7-B1F7-CE4F909BD0B2}.Debug|x64.ActiveCfg = Debug|x64
		{74CEF1B7-613A-3AE7-B1F7-CE4F909BD0B2}.Release|x64.ActiveCfg = Release|x64
		{74CEF1B7-613A-3AE7-B1F7-CE4F909BD0B2}.MinSizeRel|x64.ActiveCfg = MinSizeRel|x64
		{74CEF1B7-613A-3AE7-B1F7-CE4F909BD0B2}.RelWithDebInfo|x64.ActiveCfg = RelWithDebInfo|x64
		{475F8FD1-BE56-3835-B7A1-8AF848416A57}.Debug|x64.ActiveCfg = Debug|x64
		{475F8FD1-BE56-3835-B7A1-8AF848416A57}.Release|x64.ActiveCfg = Release|x64
		{475F8FD1-BE56-3835-B7A1-8AF848416A57}.MinSizeRel|x64.ActiveCfg = MinSizeRel|x64
		{475F8FD1-BE56-3835-B7A1-8AF848416A57}.RelWithDebInfo|x64.ActiveCfg = RelWithDebInfo|x64
		{BEE1278B-1B0B-3975-83DE-7FA8696AF4A1}.Debug|x64.ActiveCfg = Debug|x64
		{BEE1278B-1B0B-3975-83DE-7FA8696AF4A1}.Release|x64.ActiveCfg = Release|x64
		{BEE1278B-1B0B-3975-83DE-7FA8696AF4A1}.MinSizeRel|x64.ActiveCfg = MinSizeRel|x64
		{BEE1278B-1B0B-3975-83DE-7FA8696AF4A1}.RelWithDebInfo|x64.ActiveCfg = RelWithDebInfo|x64
		{04CA4DF1-07A0-301D-8078-970E3C0E8EBA}.Debug|x64.ActiveCfg = Debug|x64
		{04CA4DF1-07A0-301D-8078-970E3C0E8EBA}.Release|x64.ActiveCfg = Release|x64
		{04CA4DF1-07A0-301D-8078-970E3C0E8EBA}.MinSizeRel|x64.ActiveCfg = MinSizeRel|x64
		{04CA4DF1-07A0-301D-8078-970E3C0E8EBA}.RelWithDebInfo|x64.ActiveCfg = RelWithDebInfo|x64
		{74B3A89B-F9B1-3045-AF04-34CF33F5002A}.Debug|x64.ActiveCfg = Debug|x64
		{74B3A89B-F9B1-3045-AF04-34CF33F5002A}.Release|x64.ActiveCfg = Release|x64
		{74B3A89B-F9B1-3045-AF04-34CF33F5002A}.MinSizeRel|x64.ActiveCfg = MinSizeRel|x64
		{74B3A89B-F9B1-3045-AF04-34CF33F5002A}.RelWithDebInfo|x64.ActiveCfg = RelWithDebInfo|x64
		{838CF6F2-DB24-393B-8DEA-6352D6D05874}.Debug|x64.ActiveCfg = Debug|x64
		{838CF6F2-DB24-393B-8DEA-6352D6D05874}.Debug|x64.Build.0 = Debug|x64
		{838CF6F2-DB24-393B-8DEA-6352D6D05874}.Release|x64.ActiveCfg = Release|x64
		{838CF6F2-DB24-393B-8DEA-6352D6D05874}.Release|x64.Build.0 = Release|x64
		{838CF6F2-DB24-393B-8DEA-6352D6D05874}.MinSizeRel|x64.ActiveCfg = MinSizeRel|x64
		{838CF6F2-DB24-393B-8DEA-6352D6D05874}.MinSizeRel|x64.Build.0 = MinSizeRel|x64
		{838CF6F2-DB24-393B-8DEA-6352D6D05874}.RelWithDebInfo|x64.ActiveCfg = RelWithDebInfo|x64
		{838CF6F2-DB24-393B-8DEA-6352D6D05874}.RelWithDebInfo|x64.Build.0 = RelWithDebInfo|x64
	EndGlobalSection
	GlobalSection(NestedProjects) = preSolution
		{DA5856BA-AA4A-3298-A89E-BE6C969E4AAA} = {D8B97FB5-2E98-3FAB-B553-4A51AB31BBDE}
		{475F8FD1-BE56-3835-B7A1-8AF848416A57} = {D8B97FB5-2E98-3FAB-B553-4A51AB31BBDE}
		{74B3A89B-F9B1-3045-AF04-34CF33F5002A} = {D8B97FB5-2E98-3FAB-B553-4A51AB31BBDE}
		{838CF6F2-DB24-393B-8DEA-6352D6D05874} = {D8B97FB5-2E98-3FAB-B553-4A51AB31BBDE}
		{C327EBB7-1C38-37EB-A7AE-151D33DB1EED} = {E91AF872-C30F-36E5-9807-C19175E65987}
		{74CEF1B7-613A-3AE7-B1F7-CE4F909BD0B2} = {E91AF872-C30F-36E5-9807-C19175E65987}
		{BEE1278B-1B0B-3975-83DE-7FA8696AF4A1} = {E91AF872-C30F-36E5-9807-C19175E65987}
		{04CA4DF1-07A0-301D-8078-970E3C0E8EBA} = {E91AF872-C30F-36E5-9807-C19175E65987}
	EndGlobalSection
	GlobalSection(ExtensibilityGlobals) = postSolution
		SolutionGuid = {C7C40B59-8AB6-3617-B964-2A2AB22FFE67}
	EndGlobalSection
	GlobalSection(ExtensibilityAddIns) = postSolution
	EndGlobalSection
EndGlobal
