<?xml version="1.0" encoding="utf-8"?>
<Project ToolsVersion="17.0" xmlns="http://schemas.microsoft.com/developer/msbuild/2003">
  <ItemGroup>
    <CustomBuild Include="C:\Users\fulcrum\Documents\cppProjects\Mnemosy\Mnemosy\Solution\CMakeFiles\5a16c50f53c5768fd4583eeb11bc0435\bindings.cpp.rule">
      <Filter>CMake Rules</Filter>
    </CustomBuild>
    <CustomBuild Include="C:\Users\fulcrum\Documents\cppProjects\Mnemosy\Mnemosy\Solution\CMakeFiles\fbbb61f155b8bb6d102bbf2d97aaff86\gen_opencv_js_source.rule">
      <Filter>CMake Rules</Filter>
    </CustomBuild>
    <CustomBuild Include="C:\Users\fulcrum\Documents\cppProjects\Mnemosy\Mnemosy\Code\Dependencies\openCV\opencv\modules\js\generator\CMakeLists.txt" />
  </ItemGroup>
  <ItemGroup>
    <None Include="C:\Users\fulcrum\Documents\cppProjects\Mnemosy\Mnemosy\Code\Dependencies\openCV\opencv\modules\js\src\core_bindings.cpp">
      <Filter>Source Files</Filter>
    </None>
    <None Include="C:\Users\fulcrum\Documents\cppProjects\Mnemosy\Mnemosy\Code\Dependencies\openCV\opencv\modules\js\generator\embindgen.py" />
    <None Include="C:\Users\fulcrum\Documents\cppProjects\Mnemosy\Mnemosy\Code\Dependencies\openCV\opencv\modules\js\generator\templates.py" />
    <None Include="C:\Users\fulcrum\Documents\cppProjects\Mnemosy\Mnemosy\Solution\Code\Dependencies\openCV\opencv\modules\js_bindings_generator\CMakeFiles\gen_opencv_js_source" />
  </ItemGroup>
  <ItemGroup>
    <Filter Include="CMake Rules">
      <UniqueIdentifier>{44215DDD-39F9-331E-B2BF-85F67DAFB233}</UniqueIdentifier>
    </Filter>
    <Filter Include="Source Files">
      <UniqueIdentifier>{2B5C5160-0234-3C95-9768-209413C78BB6}</UniqueIdentifier>
    </Filter>
  </ItemGroup>
</Project>
