<?xml version="1.0" encoding="utf-8"?>
<Project ToolsVersion="17.0" xmlns="http://schemas.microsoft.com/developer/msbuild/2003">
  <ItemGroup>
    <ClCompile Include="C:\Users\fulcrum\Documents\cppProjects\Mnemosy\Mnemosy\Code\Dependencies\spdlog-1.x\src\spdlog.cpp">
      <Filter>Source Files</Filter>
    </ClCompile>
    <ClCompile Include="C:\Users\fulcrum\Documents\cppProjects\Mnemosy\Mnemosy\Code\Dependencies\spdlog-1.x\src\stdout_sinks.cpp">
      <Filter>Source Files</Filter>
    </ClCompile>
    <ClCompile Include="C:\Users\fulcrum\Documents\cppProjects\Mnemosy\Mnemosy\Code\Dependencies\spdlog-1.x\src\color_sinks.cpp">
      <Filter>Source Files</Filter>
    </ClCompile>
    <ClCompile Include="C:\Users\fulcrum\Documents\cppProjects\Mnemosy\Mnemosy\Code\Dependencies\spdlog-1.x\src\file_sinks.cpp">
      <Filter>Source Files</Filter>
    </ClCompile>
    <ClCompile Include="C:\Users\fulcrum\Documents\cppProjects\Mnemosy\Mnemosy\Code\Dependencies\spdlog-1.x\src\async.cpp">
      <Filter>Source Files</Filter>
    </ClCompile>
    <ClCompile Include="C:\Users\fulcrum\Documents\cppProjects\Mnemosy\Mnemosy\Code\Dependencies\spdlog-1.x\src\cfg.cpp">
      <Filter>Source Files</Filter>
    </ClCompile>
  </ItemGroup>
  <ItemGroup>
    <ClInclude Include="C:\Users\fulcrum\Documents\cppProjects\Mnemosy\Mnemosy\Code\Dependencies\spdlog-1.x\include\spdlog\async.h">
      <Filter>Header Files\spdlog</Filter>
    </ClInclude>
    <ClInclude Include="C:\Users\fulcrum\Documents\cppProjects\Mnemosy\Mnemosy\Code\Dependencies\spdlog-1.x\include\spdlog\async_logger-inl.h">
      <Filter>Header Files\spdlog</Filter>
    </ClInclude>
    <ClInclude Include="C:\Users\fulcrum\Documents\cppProjects\Mnemosy\Mnemosy\Code\Dependencies\spdlog-1.x\include\spdlog\async_logger.h">
      <Filter>Header Files\spdlog</Filter>
    </ClInclude>
    <ClInclude Include="C:\Users\fulcrum\Documents\cppProjects\Mnemosy\Mnemosy\Code\Dependencies\spdlog-1.x\include\spdlog\common-inl.h">
      <Filter>Header Files\spdlog</Filter>
    </ClInclude>
    <ClInclude Include="C:\Users\fulcrum\Documents\cppProjects\Mnemosy\Mnemosy\Code\Dependencies\spdlog-1.x\include\spdlog\common.h">
      <Filter>Header Files\spdlog</Filter>
    </ClInclude>
    <ClInclude Include="C:\Users\fulcrum\Documents\cppProjects\Mnemosy\Mnemosy\Code\Dependencies\spdlog-1.x\include\spdlog\formatter.h">
      <Filter>Header Files\spdlog</Filter>
    </ClInclude>
    <ClInclude Include="C:\Users\fulcrum\Documents\cppProjects\Mnemosy\Mnemosy\Code\Dependencies\spdlog-1.x\include\spdlog\fwd.h">
      <Filter>Header Files\spdlog</Filter>
    </ClInclude>
    <ClInclude Include="C:\Users\fulcrum\Documents\cppProjects\Mnemosy\Mnemosy\Code\Dependencies\spdlog-1.x\include\spdlog\logger-inl.h">
      <Filter>Header Files\spdlog</Filter>
    </ClInclude>
    <ClInclude Include="C:\Users\fulcrum\Documents\cppProjects\Mnemosy\Mnemosy\Code\Dependencies\spdlog-1.x\include\spdlog\logger.h">
      <Filter>Header Files\spdlog</Filter>
    </ClInclude>
    <ClInclude Include="C:\Users\fulcrum\Documents\cppProjects\Mnemosy\Mnemosy\Code\Dependencies\spdlog-1.x\include\spdlog\pattern_formatter-inl.h">
      <Filter>Header Files\spdlog</Filter>
    </ClInclude>
    <ClInclude Include="C:\Users\fulcrum\Documents\cppProjects\Mnemosy\Mnemosy\Code\Dependencies\spdlog-1.x\include\spdlog\pattern_formatter.h">
      <Filter>Header Files\spdlog</Filter>
    </ClInclude>
    <ClInclude Include="C:\Users\fulcrum\Documents\cppProjects\Mnemosy\Mnemosy\Code\Dependencies\spdlog-1.x\include\spdlog\spdlog-inl.h">
      <Filter>Header Files\spdlog</Filter>
    </ClInclude>
    <ClInclude Include="C:\Users\fulcrum\Documents\cppProjects\Mnemosy\Mnemosy\Code\Dependencies\spdlog-1.x\include\spdlog\spdlog.h">
      <Filter>Header Files\spdlog</Filter>
    </ClInclude>
    <ClInclude Include="C:\Users\fulcrum\Documents\cppProjects\Mnemosy\Mnemosy\Code\Dependencies\spdlog-1.x\include\spdlog\stopwatch.h">
      <Filter>Header Files\spdlog</Filter>
    </ClInclude>
    <ClInclude Include="C:\Users\fulcrum\Documents\cppProjects\Mnemosy\Mnemosy\Code\Dependencies\spdlog-1.x\include\spdlog\tweakme.h">
      <Filter>Header Files\spdlog</Filter>
    </ClInclude>
    <ClInclude Include="C:\Users\fulcrum\Documents\cppProjects\Mnemosy\Mnemosy\Code\Dependencies\spdlog-1.x\include\spdlog\version.h">
      <Filter>Header Files\spdlog</Filter>
    </ClInclude>
    <ClInclude Include="C:\Users\fulcrum\Documents\cppProjects\Mnemosy\Mnemosy\Code\Dependencies\spdlog-1.x\include\spdlog\details\backtracer-inl.h">
      <Filter>Header Files\spdlog\details</Filter>
    </ClInclude>
    <ClInclude Include="C:\Users\fulcrum\Documents\cppProjects\Mnemosy\Mnemosy\Code\Dependencies\spdlog-1.x\include\spdlog\details\backtracer.h">
      <Filter>Header Files\spdlog\details</Filter>
    </ClInclude>
    <ClInclude Include="C:\Users\fulcrum\Documents\cppProjects\Mnemosy\Mnemosy\Code\Dependencies\spdlog-1.x\include\spdlog\details\circular_q.h">
      <Filter>Header Files\spdlog\details</Filter>
    </ClInclude>
    <ClInclude Include="C:\Users\fulcrum\Documents\cppProjects\Mnemosy\Mnemosy\Code\Dependencies\spdlog-1.x\include\spdlog\details\console_globals.h">
      <Filter>Header Files\spdlog\details</Filter>
    </ClInclude>
    <ClInclude Include="C:\Users\fulcrum\Documents\cppProjects\Mnemosy\Mnemosy\Code\Dependencies\spdlog-1.x\include\spdlog\details\file_helper-inl.h">
      <Filter>Header Files\spdlog\details</Filter>
    </ClInclude>
    <ClInclude Include="C:\Users\fulcrum\Documents\cppProjects\Mnemosy\Mnemosy\Code\Dependencies\spdlog-1.x\include\spdlog\details\file_helper.h">
      <Filter>Header Files\spdlog\details</Filter>
    </ClInclude>
    <ClInclude Include="C:\Users\fulcrum\Documents\cppProjects\Mnemosy\Mnemosy\Code\Dependencies\spdlog-1.x\include\spdlog\details\fmt_helper.h">
      <Filter>Header Files\spdlog\details</Filter>
    </ClInclude>
    <ClInclude Include="C:\Users\fulcrum\Documents\cppProjects\Mnemosy\Mnemosy\Code\Dependencies\spdlog-1.x\include\spdlog\details\log_msg-inl.h">
      <Filter>Header Files\spdlog\details</Filter>
    </ClInclude>
    <ClInclude Include="C:\Users\fulcrum\Documents\cppProjects\Mnemosy\Mnemosy\Code\Dependencies\spdlog-1.x\include\spdlog\details\log_msg.h">
      <Filter>Header Files\spdlog\details</Filter>
    </ClInclude>
    <ClInclude Include="C:\Users\fulcrum\Documents\cppProjects\Mnemosy\Mnemosy\Code\Dependencies\spdlog-1.x\include\spdlog\details\log_msg_buffer-inl.h">
      <Filter>Header Files\spdlog\details</Filter>
    </ClInclude>
    <ClInclude Include="C:\Users\fulcrum\Documents\cppProjects\Mnemosy\Mnemosy\Code\Dependencies\spdlog-1.x\include\spdlog\details\log_msg_buffer.h">
      <Filter>Header Files\spdlog\details</Filter>
    </ClInclude>
    <ClInclude Include="C:\Users\fulcrum\Documents\cppProjects\Mnemosy\Mnemosy\Code\Dependencies\spdlog-1.x\include\spdlog\details\mpmc_blocking_q.h">
      <Filter>Header Files\spdlog\details</Filter>
    </ClInclude>
    <ClInclude Include="C:\Users\fulcrum\Documents\cppProjects\Mnemosy\Mnemosy\Code\Dependencies\spdlog-1.x\include\spdlog\details\null_mutex.h">
      <Filter>Header Files\spdlog\details</Filter>
    </ClInclude>
    <ClInclude Include="C:\Users\fulcrum\Documents\cppProjects\Mnemosy\Mnemosy\Code\Dependencies\spdlog-1.x\include\spdlog\details\os-inl.h">
      <Filter>Header Files\spdlog\details</Filter>
    </ClInclude>
    <ClInclude Include="C:\Users\fulcrum\Documents\cppProjects\Mnemosy\Mnemosy\Code\Dependencies\spdlog-1.x\include\spdlog\details\os.h">
      <Filter>Header Files\spdlog\details</Filter>
    </ClInclude>
    <ClInclude Include="C:\Users\fulcrum\Documents\cppProjects\Mnemosy\Mnemosy\Code\Dependencies\spdlog-1.x\include\spdlog\details\periodic_worker-inl.h">
      <Filter>Header Files\spdlog\details</Filter>
    </ClInclude>
    <ClInclude Include="C:\Users\fulcrum\Documents\cppProjects\Mnemosy\Mnemosy\Code\Dependencies\spdlog-1.x\include\spdlog\details\periodic_worker.h">
      <Filter>Header Files\spdlog\details</Filter>
    </ClInclude>
    <ClInclude Include="C:\Users\fulcrum\Documents\cppProjects\Mnemosy\Mnemosy\Code\Dependencies\spdlog-1.x\include\spdlog\details\registry-inl.h">
      <Filter>Header Files\spdlog\details</Filter>
    </ClInclude>
    <ClInclude Include="C:\Users\fulcrum\Documents\cppProjects\Mnemosy\Mnemosy\Code\Dependencies\spdlog-1.x\include\spdlog\details\registry.h">
      <Filter>Header Files\spdlog\details</Filter>
    </ClInclude>
    <ClInclude Include="C:\Users\fulcrum\Documents\cppProjects\Mnemosy\Mnemosy\Code\Dependencies\spdlog-1.x\include\spdlog\details\synchronous_factory.h">
      <Filter>Header Files\spdlog\details</Filter>
    </ClInclude>
    <ClInclude Include="C:\Users\fulcrum\Documents\cppProjects\Mnemosy\Mnemosy\Code\Dependencies\spdlog-1.x\include\spdlog\details\tcp_client-windows.h">
      <Filter>Header Files\spdlog\details</Filter>
    </ClInclude>
    <ClInclude Include="C:\Users\fulcrum\Documents\cppProjects\Mnemosy\Mnemosy\Code\Dependencies\spdlog-1.x\include\spdlog\details\tcp_client.h">
      <Filter>Header Files\spdlog\details</Filter>
    </ClInclude>
    <ClInclude Include="C:\Users\fulcrum\Documents\cppProjects\Mnemosy\Mnemosy\Code\Dependencies\spdlog-1.x\include\spdlog\details\thread_pool-inl.h">
      <Filter>Header Files\spdlog\details</Filter>
    </ClInclude>
    <ClInclude Include="C:\Users\fulcrum\Documents\cppProjects\Mnemosy\Mnemosy\Code\Dependencies\spdlog-1.x\include\spdlog\details\thread_pool.h">
      <Filter>Header Files\spdlog\details</Filter>
    </ClInclude>
    <ClInclude Include="C:\Users\fulcrum\Documents\cppProjects\Mnemosy\Mnemosy\Code\Dependencies\spdlog-1.x\include\spdlog\details\udp_client-windows.h">
      <Filter>Header Files\spdlog\details</Filter>
    </ClInclude>
    <ClInclude Include="C:\Users\fulcrum\Documents\cppProjects\Mnemosy\Mnemosy\Code\Dependencies\spdlog-1.x\include\spdlog\details\udp_client.h">
      <Filter>Header Files\spdlog\details</Filter>
    </ClInclude>
    <ClInclude Include="C:\Users\fulcrum\Documents\cppProjects\Mnemosy\Mnemosy\Code\Dependencies\spdlog-1.x\include\spdlog\details\windows_include.h">
      <Filter>Header Files\spdlog\details</Filter>
    </ClInclude>
    <ClInclude Include="C:\Users\fulcrum\Documents\cppProjects\Mnemosy\Mnemosy\Code\Dependencies\spdlog-1.x\include\spdlog\sinks\android_sink.h">
      <Filter>Header Files\spdlog\sinks</Filter>
    </ClInclude>
    <ClInclude Include="C:\Users\fulcrum\Documents\cppProjects\Mnemosy\Mnemosy\Code\Dependencies\spdlog-1.x\include\spdlog\sinks\ansicolor_sink-inl.h">
      <Filter>Header Files\spdlog\sinks</Filter>
    </ClInclude>
    <ClInclude Include="C:\Users\fulcrum\Documents\cppProjects\Mnemosy\Mnemosy\Code\Dependencies\spdlog-1.x\include\spdlog\sinks\ansicolor_sink.h">
      <Filter>Header Files\spdlog\sinks</Filter>
    </ClInclude>
    <ClInclude Include="C:\Users\fulcrum\Documents\cppProjects\Mnemosy\Mnemosy\Code\Dependencies\spdlog-1.x\include\spdlog\sinks\base_sink-inl.h">
      <Filter>Header Files\spdlog\sinks</Filter>
    </ClInclude>
    <ClInclude Include="C:\Users\fulcrum\Documents\cppProjects\Mnemosy\Mnemosy\Code\Dependencies\spdlog-1.x\include\spdlog\sinks\base_sink.h">
      <Filter>Header Files\spdlog\sinks</Filter>
    </ClInclude>
    <ClInclude Include="C:\Users\fulcrum\Documents\cppProjects\Mnemosy\Mnemosy\Code\Dependencies\spdlog-1.x\include\spdlog\sinks\basic_file_sink-inl.h">
      <Filter>Header Files\spdlog\sinks</Filter>
    </ClInclude>
    <ClInclude Include="C:\Users\fulcrum\Documents\cppProjects\Mnemosy\Mnemosy\Code\Dependencies\spdlog-1.x\include\spdlog\sinks\basic_file_sink.h">
      <Filter>Header Files\spdlog\sinks</Filter>
    </ClInclude>
    <ClInclude Include="C:\Users\fulcrum\Documents\cppProjects\Mnemosy\Mnemosy\Code\Dependencies\spdlog-1.x\include\spdlog\sinks\callback_sink.h">
      <Filter>Header Files\spdlog\sinks</Filter>
    </ClInclude>
    <ClInclude Include="C:\Users\fulcrum\Documents\cppProjects\Mnemosy\Mnemosy\Code\Dependencies\spdlog-1.x\include\spdlog\sinks\daily_file_sink.h">
      <Filter>Header Files\spdlog\sinks</Filter>
    </ClInclude>
    <ClInclude Include="C:\Users\fulcrum\Documents\cppProjects\Mnemosy\Mnemosy\Code\Dependencies\spdlog-1.x\include\spdlog\sinks\dist_sink.h">
      <Filter>Header Files\spdlog\sinks</Filter>
    </ClInclude>
    <ClInclude Include="C:\Users\fulcrum\Documents\cppProjects\Mnemosy\Mnemosy\Code\Dependencies\spdlog-1.x\include\spdlog\sinks\dup_filter_sink.h">
      <Filter>Header Files\spdlog\sinks</Filter>
    </ClInclude>
    <ClInclude Include="C:\Users\fulcrum\Documents\cppProjects\Mnemosy\Mnemosy\Code\Dependencies\spdlog-1.x\include\spdlog\sinks\hourly_file_sink.h">
      <Filter>Header Files\spdlog\sinks</Filter>
    </ClInclude>
    <ClInclude Include="C:\Users\fulcrum\Documents\cppProjects\Mnemosy\Mnemosy\Code\Dependencies\spdlog-1.x\include\spdlog\sinks\kafka_sink.h">
      <Filter>Header Files\spdlog\sinks</Filter>
    </ClInclude>
    <ClInclude Include="C:\Users\fulcrum\Documents\cppProjects\Mnemosy\Mnemosy\Code\Dependencies\spdlog-1.x\include\spdlog\sinks\mongo_sink.h">
      <Filter>Header Files\spdlog\sinks</Filter>
    </ClInclude>
    <ClInclude Include="C:\Users\fulcrum\Documents\cppProjects\Mnemosy\Mnemosy\Code\Dependencies\spdlog-1.x\include\spdlog\sinks\msvc_sink.h">
      <Filter>Header Files\spdlog\sinks</Filter>
    </ClInclude>
    <ClInclude Include="C:\Users\fulcrum\Documents\cppProjects\Mnemosy\Mnemosy\Code\Dependencies\spdlog-1.x\include\spdlog\sinks\null_sink.h">
      <Filter>Header Files\spdlog\sinks</Filter>
    </ClInclude>
    <ClInclude Include="C:\Users\fulcrum\Documents\cppProjects\Mnemosy\Mnemosy\Code\Dependencies\spdlog-1.x\include\spdlog\sinks\ostream_sink.h">
      <Filter>Header Files\spdlog\sinks</Filter>
    </ClInclude>
    <ClInclude Include="C:\Users\fulcrum\Documents\cppProjects\Mnemosy\Mnemosy\Code\Dependencies\spdlog-1.x\include\spdlog\sinks\qt_sinks.h">
      <Filter>Header Files\spdlog\sinks</Filter>
    </ClInclude>
    <ClInclude Include="C:\Users\fulcrum\Documents\cppProjects\Mnemosy\Mnemosy\Code\Dependencies\spdlog-1.x\include\spdlog\sinks\ringbuffer_sink.h">
      <Filter>Header Files\spdlog\sinks</Filter>
    </ClInclude>
    <ClInclude Include="C:\Users\fulcrum\Documents\cppProjects\Mnemosy\Mnemosy\Code\Dependencies\spdlog-1.x\include\spdlog\sinks\rotating_file_sink-inl.h">
      <Filter>Header Files\spdlog\sinks</Filter>
    </ClInclude>
    <ClInclude Include="C:\Users\fulcrum\Documents\cppProjects\Mnemosy\Mnemosy\Code\Dependencies\spdlog-1.x\include\spdlog\sinks\rotating_file_sink.h">
      <Filter>Header Files\spdlog\sinks</Filter>
    </ClInclude>
    <ClInclude Include="C:\Users\fulcrum\Documents\cppProjects\Mnemosy\Mnemosy\Code\Dependencies\spdlog-1.x\include\spdlog\sinks\sink-inl.h">
      <Filter>Header Files\spdlog\sinks</Filter>
    </ClInclude>
    <ClInclude Include="C:\Users\fulcrum\Documents\cppProjects\Mnemosy\Mnemosy\Code\Dependencies\spdlog-1.x\include\spdlog\sinks\sink.h">
      <Filter>Header Files\spdlog\sinks</Filter>
    </ClInclude>
    <ClInclude Include="C:\Users\fulcrum\Documents\cppProjects\Mnemosy\Mnemosy\Code\Dependencies\spdlog-1.x\include\spdlog\sinks\stdout_color_sinks-inl.h">
      <Filter>Header Files\spdlog\sinks</Filter>
    </ClInclude>
    <ClInclude Include="C:\Users\fulcrum\Documents\cppProjects\Mnemosy\Mnemosy\Code\Dependencies\spdlog-1.x\include\spdlog\sinks\stdout_color_sinks.h">
      <Filter>Header Files\spdlog\sinks</Filter>
    </ClInclude>
    <ClInclude Include="C:\Users\fulcrum\Documents\cppProjects\Mnemosy\Mnemosy\Code\Dependencies\spdlog-1.x\include\spdlog\sinks\stdout_sinks-inl.h">
      <Filter>Header Files\spdlog\sinks</Filter>
    </ClInclude>
    <ClInclude Include="C:\Users\fulcrum\Documents\cppProjects\Mnemosy\Mnemosy\Code\Dependencies\spdlog-1.x\include\spdlog\sinks\stdout_sinks.h">
      <Filter>Header Files\spdlog\sinks</Filter>
    </ClInclude>
    <ClInclude Include="C:\Users\fulcrum\Documents\cppProjects\Mnemosy\Mnemosy\Code\Dependencies\spdlog-1.x\include\spdlog\sinks\syslog_sink.h">
      <Filter>Header Files\spdlog\sinks</Filter>
    </ClInclude>
    <ClInclude Include="C:\Users\fulcrum\Documents\cppProjects\Mnemosy\Mnemosy\Code\Dependencies\spdlog-1.x\include\spdlog\sinks\systemd_sink.h">
      <Filter>Header Files\spdlog\sinks</Filter>
    </ClInclude>
    <ClInclude Include="C:\Users\fulcrum\Documents\cppProjects\Mnemosy\Mnemosy\Code\Dependencies\spdlog-1.x\include\spdlog\sinks\tcp_sink.h">
      <Filter>Header Files\spdlog\sinks</Filter>
    </ClInclude>
    <ClInclude Include="C:\Users\fulcrum\Documents\cppProjects\Mnemosy\Mnemosy\Code\Dependencies\spdlog-1.x\include\spdlog\sinks\udp_sink.h">
      <Filter>Header Files\spdlog\sinks</Filter>
    </ClInclude>
    <ClInclude Include="C:\Users\fulcrum\Documents\cppProjects\Mnemosy\Mnemosy\Code\Dependencies\spdlog-1.x\include\spdlog\sinks\win_eventlog_sink.h">
      <Filter>Header Files\spdlog\sinks</Filter>
    </ClInclude>
    <ClInclude Include="C:\Users\fulcrum\Documents\cppProjects\Mnemosy\Mnemosy\Code\Dependencies\spdlog-1.x\include\spdlog\sinks\wincolor_sink-inl.h">
      <Filter>Header Files\spdlog\sinks</Filter>
    </ClInclude>
    <ClInclude Include="C:\Users\fulcrum\Documents\cppProjects\Mnemosy\Mnemosy\Code\Dependencies\spdlog-1.x\include\spdlog\sinks\wincolor_sink.h">
      <Filter>Header Files\spdlog\sinks</Filter>
    </ClInclude>
    <ClInclude Include="C:\Users\fulcrum\Documents\cppProjects\Mnemosy\Mnemosy\Code\Dependencies\spdlog-1.x\include\spdlog\fmt\bin_to_hex.h">
      <Filter>Header Files\spdlog\fmt</Filter>
    </ClInclude>
    <ClInclude Include="C:\Users\fulcrum\Documents\cppProjects\Mnemosy\Mnemosy\Code\Dependencies\spdlog-1.x\include\spdlog\fmt\chrono.h">
      <Filter>Header Files\spdlog\fmt</Filter>
    </ClInclude>
    <ClInclude Include="C:\Users\fulcrum\Documents\cppProjects\Mnemosy\Mnemosy\Code\Dependencies\spdlog-1.x\include\spdlog\fmt\compile.h">
      <Filter>Header Files\spdlog\fmt</Filter>
    </ClInclude>
    <ClInclude Include="C:\Users\fulcrum\Documents\cppProjects\Mnemosy\Mnemosy\Code\Dependencies\spdlog-1.x\include\spdlog\fmt\fmt.h">
      <Filter>Header Files\spdlog\fmt</Filter>
    </ClInclude>
    <ClInclude Include="C:\Users\fulcrum\Documents\cppProjects\Mnemosy\Mnemosy\Code\Dependencies\spdlog-1.x\include\spdlog\fmt\ostr.h">
      <Filter>Header Files\spdlog\fmt</Filter>
    </ClInclude>
    <ClInclude Include="C:\Users\fulcrum\Documents\cppProjects\Mnemosy\Mnemosy\Code\Dependencies\spdlog-1.x\include\spdlog\fmt\ranges.h">
      <Filter>Header Files\spdlog\fmt</Filter>
    </ClInclude>
    <ClInclude Include="C:\Users\fulcrum\Documents\cppProjects\Mnemosy\Mnemosy\Code\Dependencies\spdlog-1.x\include\spdlog\fmt\std.h">
      <Filter>Header Files\spdlog\fmt</Filter>
    </ClInclude>
    <ClInclude Include="C:\Users\fulcrum\Documents\cppProjects\Mnemosy\Mnemosy\Code\Dependencies\spdlog-1.x\include\spdlog\fmt\xchar.h">
      <Filter>Header Files\spdlog\fmt</Filter>
    </ClInclude>
    <ClInclude Include="C:\Users\fulcrum\Documents\cppProjects\Mnemosy\Mnemosy\Code\Dependencies\spdlog-1.x\include\spdlog\fmt\bundled\args.h">
      <Filter>Header Files\spdlog\fmt\bundled</Filter>
    </ClInclude>
    <ClInclude Include="C:\Users\fulcrum\Documents\cppProjects\Mnemosy\Mnemosy\Code\Dependencies\spdlog-1.x\include\spdlog\fmt\bundled\chrono.h">
      <Filter>Header Files\spdlog\fmt\bundled</Filter>
    </ClInclude>
    <ClInclude Include="C:\Users\fulcrum\Documents\cppProjects\Mnemosy\Mnemosy\Code\Dependencies\spdlog-1.x\include\spdlog\fmt\bundled\color.h">
      <Filter>Header Files\spdlog\fmt\bundled</Filter>
    </ClInclude>
    <ClInclude Include="C:\Users\fulcrum\Documents\cppProjects\Mnemosy\Mnemosy\Code\Dependencies\spdlog-1.x\include\spdlog\fmt\bundled\compile.h">
      <Filter>Header Files\spdlog\fmt\bundled</Filter>
    </ClInclude>
    <ClInclude Include="C:\Users\fulcrum\Documents\cppProjects\Mnemosy\Mnemosy\Code\Dependencies\spdlog-1.x\include\spdlog\fmt\bundled\core.h">
      <Filter>Header Files\spdlog\fmt\bundled</Filter>
    </ClInclude>
    <ClInclude Include="C:\Users\fulcrum\Documents\cppProjects\Mnemosy\Mnemosy\Code\Dependencies\spdlog-1.x\include\spdlog\fmt\bundled\format-inl.h">
      <Filter>Header Files\spdlog\fmt\bundled</Filter>
    </ClInclude>
    <ClInclude Include="C:\Users\fulcrum\Documents\cppProjects\Mnemosy\Mnemosy\Code\Dependencies\spdlog-1.x\include\spdlog\fmt\bundled\format.h">
      <Filter>Header Files\spdlog\fmt\bundled</Filter>
    </ClInclude>
    <ClInclude Include="C:\Users\fulcrum\Documents\cppProjects\Mnemosy\Mnemosy\Code\Dependencies\spdlog-1.x\include\spdlog\fmt\bundled\locale.h">
      <Filter>Header Files\spdlog\fmt\bundled</Filter>
    </ClInclude>
    <ClInclude Include="C:\Users\fulcrum\Documents\cppProjects\Mnemosy\Mnemosy\Code\Dependencies\spdlog-1.x\include\spdlog\fmt\bundled\os.h">
      <Filter>Header Files\spdlog\fmt\bundled</Filter>
    </ClInclude>
    <ClInclude Include="C:\Users\fulcrum\Documents\cppProjects\Mnemosy\Mnemosy\Code\Dependencies\spdlog-1.x\include\spdlog\fmt\bundled\ostream.h">
      <Filter>Header Files\spdlog\fmt\bundled</Filter>
    </ClInclude>
    <ClInclude Include="C:\Users\fulcrum\Documents\cppProjects\Mnemosy\Mnemosy\Code\Dependencies\spdlog-1.x\include\spdlog\fmt\bundled\printf.h">
      <Filter>Header Files\spdlog\fmt\bundled</Filter>
    </ClInclude>
    <ClInclude Include="C:\Users\fulcrum\Documents\cppProjects\Mnemosy\Mnemosy\Code\Dependencies\spdlog-1.x\include\spdlog\fmt\bundled\ranges.h">
      <Filter>Header Files\spdlog\fmt\bundled</Filter>
    </ClInclude>
    <ClInclude Include="C:\Users\fulcrum\Documents\cppProjects\Mnemosy\Mnemosy\Code\Dependencies\spdlog-1.x\include\spdlog\fmt\bundled\std.h">
      <Filter>Header Files\spdlog\fmt\bundled</Filter>
    </ClInclude>
    <ClInclude Include="C:\Users\fulcrum\Documents\cppProjects\Mnemosy\Mnemosy\Code\Dependencies\spdlog-1.x\include\spdlog\fmt\bundled\xchar.h">
      <Filter>Header Files\spdlog\fmt\bundled</Filter>
    </ClInclude>
  </ItemGroup>
  <ItemGroup>
    <CustomBuild Include="C:\Users\fulcrum\Documents\cppProjects\Mnemosy\Mnemosy\Code\Dependencies\spdlog-1.x\CMakeLists.txt" />
  </ItemGroup>
  <ItemGroup>
    <Filter Include="Header Files">
      <UniqueIdentifier>{6EEDAEC3-0644-3CA6-A633-30EA4FEC2CC9}</UniqueIdentifier>
    </Filter>
    <Filter Include="Header Files\spdlog">
      <UniqueIdentifier>{10BC1892-FA20-3B46-886C-5CD68E650804}</UniqueIdentifier>
    </Filter>
    <Filter Include="Header Files\spdlog\details">
      <UniqueIdentifier>{658EFA0C-721A-390E-8145-5D7561AEF49D}</UniqueIdentifier>
    </Filter>
    <Filter Include="Header Files\spdlog\fmt">
      <UniqueIdentifier>{F47165EA-9DF4-3159-9417-E2056B26F427}</UniqueIdentifier>
    </Filter>
    <Filter Include="Header Files\spdlog\fmt\bundled">
      <UniqueIdentifier>{67617844-E242-3D21-9A6D-AC5A4B785BD1}</UniqueIdentifier>
    </Filter>
    <Filter Include="Header Files\spdlog\sinks">
      <UniqueIdentifier>{A22A0F82-ADEF-306E-9D67-4962AEAF8594}</UniqueIdentifier>
    </Filter>
    <Filter Include="Source Files">
      <UniqueIdentifier>{2B5C5160-0234-3C95-9768-209413C78BB6}</UniqueIdentifier>
    </Filter>
  </ItemGroup>
</Project>
