<?xml version="1.0" encoding="utf-8"?>
<Project ToolsVersion="17.0" xmlns="http://schemas.microsoft.com/developer/msbuild/2003">
  <ItemGroup>
    <ClCompile Include="C:\Users\fulcrum\Documents\cppProjects\Mnemosy\Mnemosy\Solution\Code\Dependencies\openCV\opencv\modules\gapi\CMakeFiles\opencv_test_gapi.dir\cmake_pch.cxx">
      <Filter>Source Files</Filter>
    </ClCompile>
    <ClCompile Include="C:\Users\fulcrum\Documents\cppProjects\Mnemosy\Mnemosy\Code\Dependencies\openCV\opencv\modules\gapi\test\common\gapi_compoundkernel_tests.cpp">
      <Filter>Src\common</Filter>
    </ClCompile>
    <ClCompile Include="C:\Users\fulcrum\Documents\cppProjects\Mnemosy\Mnemosy\Code\Dependencies\openCV\opencv\modules\gapi\test\common\gapi_core_tests.cpp">
      <Filter>Src\common</Filter>
    </ClCompile>
    <ClCompile Include="C:\Users\fulcrum\Documents\cppProjects\Mnemosy\Mnemosy\Code\Dependencies\openCV\opencv\modules\gapi\test\common\gapi_imgproc_tests.cpp">
      <Filter>Src\common</Filter>
    </ClCompile>
    <ClCompile Include="C:\Users\fulcrum\Documents\cppProjects\Mnemosy\Mnemosy\Code\Dependencies\openCV\opencv\modules\gapi\test\common\gapi_operators_tests.cpp">
      <Filter>Src\common</Filter>
    </ClCompile>
    <ClCompile Include="C:\Users\fulcrum\Documents\cppProjects\Mnemosy\Mnemosy\Code\Dependencies\openCV\opencv\modules\gapi\test\common\gapi_render_tests.cpp">
      <Filter>Src\common</Filter>
    </ClCompile>
    <ClCompile Include="C:\Users\fulcrum\Documents\cppProjects\Mnemosy\Mnemosy\Code\Dependencies\openCV\opencv\modules\gapi\test\common\gapi_stereo_tests.cpp">
      <Filter>Src\common</Filter>
    </ClCompile>
    <ClCompile Include="C:\Users\fulcrum\Documents\cppProjects\Mnemosy\Mnemosy\Code\Dependencies\openCV\opencv\modules\gapi\test\common\gapi_video_tests.cpp">
      <Filter>Src\common</Filter>
    </ClCompile>
    <ClCompile Include="C:\Users\fulcrum\Documents\cppProjects\Mnemosy\Mnemosy\Code\Dependencies\openCV\opencv\modules\gapi\test\cpu\gapi_core_tests_cpu.cpp">
      <Filter>Src\cpu</Filter>
    </ClCompile>
    <ClCompile Include="C:\Users\fulcrum\Documents\cppProjects\Mnemosy\Mnemosy\Code\Dependencies\openCV\opencv\modules\gapi\test\cpu\gapi_core_tests_fluid.cpp">
      <Filter>Src\cpu</Filter>
    </ClCompile>
    <ClCompile Include="C:\Users\fulcrum\Documents\cppProjects\Mnemosy\Mnemosy\Code\Dependencies\openCV\opencv\modules\gapi\test\cpu\gapi_imgproc_tests_cpu.cpp">
      <Filter>Src\cpu</Filter>
    </ClCompile>
    <ClCompile Include="C:\Users\fulcrum\Documents\cppProjects\Mnemosy\Mnemosy\Code\Dependencies\openCV\opencv\modules\gapi\test\cpu\gapi_imgproc_tests_fluid.cpp">
      <Filter>Src\cpu</Filter>
    </ClCompile>
    <ClCompile Include="C:\Users\fulcrum\Documents\cppProjects\Mnemosy\Mnemosy\Code\Dependencies\openCV\opencv\modules\gapi\test\cpu\gapi_ocv_stateful_kernel_tests.cpp">
      <Filter>Src\cpu</Filter>
    </ClCompile>
    <ClCompile Include="C:\Users\fulcrum\Documents\cppProjects\Mnemosy\Mnemosy\Code\Dependencies\openCV\opencv\modules\gapi\test\cpu\gapi_operators_tests_cpu.cpp">
      <Filter>Src\cpu</Filter>
    </ClCompile>
    <ClCompile Include="C:\Users\fulcrum\Documents\cppProjects\Mnemosy\Mnemosy\Code\Dependencies\openCV\opencv\modules\gapi\test\cpu\gapi_operators_tests_fluid.cpp">
      <Filter>Src\cpu</Filter>
    </ClCompile>
    <ClCompile Include="C:\Users\fulcrum\Documents\cppProjects\Mnemosy\Mnemosy\Code\Dependencies\openCV\opencv\modules\gapi\test\cpu\gapi_ot_tests_cpu.cpp">
      <Filter>Src\cpu</Filter>
    </ClCompile>
    <ClCompile Include="C:\Users\fulcrum\Documents\cppProjects\Mnemosy\Mnemosy\Code\Dependencies\openCV\opencv\modules\gapi\test\cpu\gapi_stereo_tests_cpu.cpp">
      <Filter>Src\cpu</Filter>
    </ClCompile>
    <ClCompile Include="C:\Users\fulcrum\Documents\cppProjects\Mnemosy\Mnemosy\Code\Dependencies\openCV\opencv\modules\gapi\test\cpu\gapi_video_tests_cpu.cpp">
      <Filter>Src\cpu</Filter>
    </ClCompile>
    <ClCompile Include="C:\Users\fulcrum\Documents\cppProjects\Mnemosy\Mnemosy\Code\Dependencies\openCV\opencv\modules\gapi\test\executor\gtbbexecutor_internal_tests.cpp">
      <Filter>Src\executor</Filter>
    </ClCompile>
    <ClCompile Include="C:\Users\fulcrum\Documents\cppProjects\Mnemosy\Mnemosy\Code\Dependencies\openCV\opencv\modules\gapi\test\gapi_array_tests.cpp">
      <Filter>Src</Filter>
    </ClCompile>
    <ClCompile Include="C:\Users\fulcrum\Documents\cppProjects\Mnemosy\Mnemosy\Code\Dependencies\openCV\opencv\modules\gapi\test\gapi_async_test.cpp">
      <Filter>Src</Filter>
    </ClCompile>
    <ClCompile Include="C:\Users\fulcrum\Documents\cppProjects\Mnemosy\Mnemosy\Code\Dependencies\openCV\opencv\modules\gapi\test\gapi_basic_hetero_tests.cpp">
      <Filter>Src</Filter>
    </ClCompile>
    <ClCompile Include="C:\Users\fulcrum\Documents\cppProjects\Mnemosy\Mnemosy\Code\Dependencies\openCV\opencv\modules\gapi\test\gapi_compile_args_tests.cpp">
      <Filter>Src</Filter>
    </ClCompile>
    <ClCompile Include="C:\Users\fulcrum\Documents\cppProjects\Mnemosy\Mnemosy\Code\Dependencies\openCV\opencv\modules\gapi\test\gapi_desc_tests.cpp">
      <Filter>Src</Filter>
    </ClCompile>
    <ClCompile Include="C:\Users\fulcrum\Documents\cppProjects\Mnemosy\Mnemosy\Code\Dependencies\openCV\opencv\modules\gapi\test\gapi_fluid_parallel_rois_test.cpp">
      <Filter>Src</Filter>
    </ClCompile>
    <ClCompile Include="C:\Users\fulcrum\Documents\cppProjects\Mnemosy\Mnemosy\Code\Dependencies\openCV\opencv\modules\gapi\test\gapi_fluid_resize_test.cpp">
      <Filter>Src</Filter>
    </ClCompile>
    <ClCompile Include="C:\Users\fulcrum\Documents\cppProjects\Mnemosy\Mnemosy\Code\Dependencies\openCV\opencv\modules\gapi\test\gapi_fluid_roi_test.cpp">
      <Filter>Src</Filter>
    </ClCompile>
    <ClCompile Include="C:\Users\fulcrum\Documents\cppProjects\Mnemosy\Mnemosy\Code\Dependencies\openCV\opencv\modules\gapi\test\gapi_fluid_test.cpp">
      <Filter>Src</Filter>
    </ClCompile>
    <ClCompile Include="C:\Users\fulcrum\Documents\cppProjects\Mnemosy\Mnemosy\Code\Dependencies\openCV\opencv\modules\gapi\test\gapi_fluid_test_kernels.cpp">
      <Filter>Src</Filter>
    </ClCompile>
    <ClCompile Include="C:\Users\fulcrum\Documents\cppProjects\Mnemosy\Mnemosy\Code\Dependencies\openCV\opencv\modules\gapi\test\gapi_frame_tests.cpp">
      <Filter>Src</Filter>
    </ClCompile>
    <ClCompile Include="C:\Users\fulcrum\Documents\cppProjects\Mnemosy\Mnemosy\Code\Dependencies\openCV\opencv\modules\gapi\test\gapi_gcompiled_tests.cpp">
      <Filter>Src</Filter>
    </ClCompile>
    <ClCompile Include="C:\Users\fulcrum\Documents\cppProjects\Mnemosy\Mnemosy\Code\Dependencies\openCV\opencv\modules\gapi\test\gapi_gcomputation_tests.cpp">
      <Filter>Src</Filter>
    </ClCompile>
    <ClCompile Include="C:\Users\fulcrum\Documents\cppProjects\Mnemosy\Mnemosy\Code\Dependencies\openCV\opencv\modules\gapi\test\gapi_gpu_test.cpp">
      <Filter>Src</Filter>
    </ClCompile>
    <ClCompile Include="C:\Users\fulcrum\Documents\cppProjects\Mnemosy\Mnemosy\Code\Dependencies\openCV\opencv\modules\gapi\test\gapi_graph_meta_tests.cpp">
      <Filter>Src</Filter>
    </ClCompile>
    <ClCompile Include="C:\Users\fulcrum\Documents\cppProjects\Mnemosy\Mnemosy\Code\Dependencies\openCV\opencv\modules\gapi\test\gapi_kernel_tests.cpp">
      <Filter>Src</Filter>
    </ClCompile>
    <ClCompile Include="C:\Users\fulcrum\Documents\cppProjects\Mnemosy\Mnemosy\Code\Dependencies\openCV\opencv\modules\gapi\test\gapi_opaque_tests.cpp">
      <Filter>Src</Filter>
    </ClCompile>
    <ClCompile Include="C:\Users\fulcrum\Documents\cppProjects\Mnemosy\Mnemosy\Code\Dependencies\openCV\opencv\modules\gapi\test\gapi_plaidml_pipelines.cpp">
      <Filter>Src</Filter>
    </ClCompile>
    <ClCompile Include="C:\Users\fulcrum\Documents\cppProjects\Mnemosy\Mnemosy\Code\Dependencies\openCV\opencv\modules\gapi\test\gapi_planar_test.cpp">
      <Filter>Src</Filter>
    </ClCompile>
    <ClCompile Include="C:\Users\fulcrum\Documents\cppProjects\Mnemosy\Mnemosy\Code\Dependencies\openCV\opencv\modules\gapi\test\gapi_sample_pipelines.cpp">
      <Filter>Src</Filter>
    </ClCompile>
    <ClCompile Include="C:\Users\fulcrum\Documents\cppProjects\Mnemosy\Mnemosy\Code\Dependencies\openCV\opencv\modules\gapi\test\gapi_scalar_tests.cpp">
      <Filter>Src</Filter>
    </ClCompile>
    <ClCompile Include="C:\Users\fulcrum\Documents\cppProjects\Mnemosy\Mnemosy\Code\Dependencies\openCV\opencv\modules\gapi\test\gapi_smoke_test.cpp">
      <Filter>Src</Filter>
    </ClCompile>
    <ClCompile Include="C:\Users\fulcrum\Documents\cppProjects\Mnemosy\Mnemosy\Code\Dependencies\openCV\opencv\modules\gapi\test\gapi_transform_tests.cpp">
      <Filter>Src</Filter>
    </ClCompile>
    <ClCompile Include="C:\Users\fulcrum\Documents\cppProjects\Mnemosy\Mnemosy\Code\Dependencies\openCV\opencv\modules\gapi\test\gapi_typed_tests.cpp">
      <Filter>Src</Filter>
    </ClCompile>
    <ClCompile Include="C:\Users\fulcrum\Documents\cppProjects\Mnemosy\Mnemosy\Code\Dependencies\openCV\opencv\modules\gapi\test\gapi_util_tests.cpp">
      <Filter>Src</Filter>
    </ClCompile>
    <ClCompile Include="C:\Users\fulcrum\Documents\cppProjects\Mnemosy\Mnemosy\Code\Dependencies\openCV\opencv\modules\gapi\test\gpu\gapi_core_tests_gpu.cpp">
      <Filter>Src\gpu</Filter>
    </ClCompile>
    <ClCompile Include="C:\Users\fulcrum\Documents\cppProjects\Mnemosy\Mnemosy\Code\Dependencies\openCV\opencv\modules\gapi\test\gpu\gapi_imgproc_tests_gpu.cpp">
      <Filter>Src\gpu</Filter>
    </ClCompile>
    <ClCompile Include="C:\Users\fulcrum\Documents\cppProjects\Mnemosy\Mnemosy\Code\Dependencies\openCV\opencv\modules\gapi\test\gpu\gapi_operators_tests_gpu.cpp">
      <Filter>Src\gpu</Filter>
    </ClCompile>
    <ClCompile Include="C:\Users\fulcrum\Documents\cppProjects\Mnemosy\Mnemosy\Code\Dependencies\openCV\opencv\modules\gapi\test\infer\gapi_infer_ie_test.cpp">
      <Filter>Src\infer</Filter>
    </ClCompile>
    <ClCompile Include="C:\Users\fulcrum\Documents\cppProjects\Mnemosy\Mnemosy\Code\Dependencies\openCV\opencv\modules\gapi\test\infer\gapi_infer_onnx_test.cpp">
      <Filter>Src\infer</Filter>
    </ClCompile>
    <ClCompile Include="C:\Users\fulcrum\Documents\cppProjects\Mnemosy\Mnemosy\Code\Dependencies\openCV\opencv\modules\gapi\test\infer\gapi_infer_ov_tests.cpp">
      <Filter>Src\infer</Filter>
    </ClCompile>
    <ClCompile Include="C:\Users\fulcrum\Documents\cppProjects\Mnemosy\Mnemosy\Code\Dependencies\openCV\opencv\modules\gapi\test\infer\gapi_infer_tests.cpp">
      <Filter>Src\infer</Filter>
    </ClCompile>
    <ClCompile Include="C:\Users\fulcrum\Documents\cppProjects\Mnemosy\Mnemosy\Code\Dependencies\openCV\opencv\modules\gapi\test\internal\gapi_int_backend_tests.cpp">
      <Filter>Src\internal</Filter>
    </ClCompile>
    <ClCompile Include="C:\Users\fulcrum\Documents\cppProjects\Mnemosy\Mnemosy\Code\Dependencies\openCV\opencv\modules\gapi\test\internal\gapi_int_dynamic_graph.cpp">
      <Filter>Src\internal</Filter>
    </ClCompile>
    <ClCompile Include="C:\Users\fulcrum\Documents\cppProjects\Mnemosy\Mnemosy\Code\Dependencies\openCV\opencv\modules\gapi\test\internal\gapi_int_executor_tests.cpp">
      <Filter>Src\internal</Filter>
    </ClCompile>
    <ClCompile Include="C:\Users\fulcrum\Documents\cppProjects\Mnemosy\Mnemosy\Code\Dependencies\openCV\opencv\modules\gapi\test\internal\gapi_int_garg_test.cpp">
      <Filter>Src\internal</Filter>
    </ClCompile>
    <ClCompile Include="C:\Users\fulcrum\Documents\cppProjects\Mnemosy\Mnemosy\Code\Dependencies\openCV\opencv\modules\gapi\test\internal\gapi_int_gmetaarg_test.cpp">
      <Filter>Src\internal</Filter>
    </ClCompile>
    <ClCompile Include="C:\Users\fulcrum\Documents\cppProjects\Mnemosy\Mnemosy\Code\Dependencies\openCV\opencv\modules\gapi\test\internal\gapi_int_gmodel_builder_test.cpp">
      <Filter>Src\internal</Filter>
    </ClCompile>
    <ClCompile Include="C:\Users\fulcrum\Documents\cppProjects\Mnemosy\Mnemosy\Code\Dependencies\openCV\opencv\modules\gapi\test\internal\gapi_int_island_fusion_tests.cpp">
      <Filter>Src\internal</Filter>
    </ClCompile>
    <ClCompile Include="C:\Users\fulcrum\Documents\cppProjects\Mnemosy\Mnemosy\Code\Dependencies\openCV\opencv\modules\gapi\test\internal\gapi_int_island_tests.cpp">
      <Filter>Src\internal</Filter>
    </ClCompile>
    <ClCompile Include="C:\Users\fulcrum\Documents\cppProjects\Mnemosy\Mnemosy\Code\Dependencies\openCV\opencv\modules\gapi\test\internal\gapi_int_pattern_matching_test.cpp">
      <Filter>Src\internal</Filter>
    </ClCompile>
    <ClCompile Include="C:\Users\fulcrum\Documents\cppProjects\Mnemosy\Mnemosy\Code\Dependencies\openCV\opencv\modules\gapi\test\internal\gapi_int_perform_substitution_test.cpp">
      <Filter>Src\internal</Filter>
    </ClCompile>
    <ClCompile Include="C:\Users\fulcrum\Documents\cppProjects\Mnemosy\Mnemosy\Code\Dependencies\openCV\opencv\modules\gapi\test\internal\gapi_int_proto_tests.cpp">
      <Filter>Src\internal</Filter>
    </ClCompile>
    <ClCompile Include="C:\Users\fulcrum\Documents\cppProjects\Mnemosy\Mnemosy\Code\Dependencies\openCV\opencv\modules\gapi\test\internal\gapi_int_recompilation_test.cpp">
      <Filter>Src\internal</Filter>
    </ClCompile>
    <ClCompile Include="C:\Users\fulcrum\Documents\cppProjects\Mnemosy\Mnemosy\Code\Dependencies\openCV\opencv\modules\gapi\test\internal\gapi_int_vectorref_test.cpp">
      <Filter>Src\internal</Filter>
    </ClCompile>
    <ClCompile Include="C:\Users\fulcrum\Documents\cppProjects\Mnemosy\Mnemosy\Code\Dependencies\openCV\opencv\modules\gapi\test\internal\gapi_transactions_test.cpp">
      <Filter>Src\internal</Filter>
    </ClCompile>
    <ClCompile Include="C:\Users\fulcrum\Documents\cppProjects\Mnemosy\Mnemosy\Code\Dependencies\openCV\opencv\modules\gapi\test\oak\gapi_tests_oak.cpp">
      <Filter>Src\oak</Filter>
    </ClCompile>
    <ClCompile Include="C:\Users\fulcrum\Documents\cppProjects\Mnemosy\Mnemosy\Code\Dependencies\openCV\opencv\modules\gapi\test\own\conc_queue_tests.cpp">
      <Filter>Src\own</Filter>
    </ClCompile>
    <ClCompile Include="C:\Users\fulcrum\Documents\cppProjects\Mnemosy\Mnemosy\Code\Dependencies\openCV\opencv\modules\gapi\test\own\gapi_types_tests.cpp">
      <Filter>Src\own</Filter>
    </ClCompile>
    <ClCompile Include="C:\Users\fulcrum\Documents\cppProjects\Mnemosy\Mnemosy\Code\Dependencies\openCV\opencv\modules\gapi\test\own\last_written_value_tests.cpp">
      <Filter>Src\own</Filter>
    </ClCompile>
    <ClCompile Include="C:\Users\fulcrum\Documents\cppProjects\Mnemosy\Mnemosy\Code\Dependencies\openCV\opencv\modules\gapi\test\own\mat_tests.cpp">
      <Filter>Src\own</Filter>
    </ClCompile>
    <ClCompile Include="C:\Users\fulcrum\Documents\cppProjects\Mnemosy\Mnemosy\Code\Dependencies\openCV\opencv\modules\gapi\test\own\scalar_tests.cpp">
      <Filter>Src\own</Filter>
    </ClCompile>
    <ClCompile Include="C:\Users\fulcrum\Documents\cppProjects\Mnemosy\Mnemosy\Code\Dependencies\openCV\opencv\modules\gapi\test\own\thread_pool_tests.cpp">
      <Filter>Src\own</Filter>
    </ClCompile>
    <ClCompile Include="C:\Users\fulcrum\Documents\cppProjects\Mnemosy\Mnemosy\Code\Dependencies\openCV\opencv\modules\gapi\test\render\ftp_render_test.cpp">
      <Filter>Src\render</Filter>
    </ClCompile>
    <ClCompile Include="C:\Users\fulcrum\Documents\cppProjects\Mnemosy\Mnemosy\Code\Dependencies\openCV\opencv\modules\gapi\test\render\gapi_render_tests_ocv.cpp">
      <Filter>Src\render</Filter>
    </ClCompile>
    <ClCompile Include="C:\Users\fulcrum\Documents\cppProjects\Mnemosy\Mnemosy\Code\Dependencies\openCV\opencv\modules\gapi\test\rmat\rmat_integration_tests.cpp">
      <Filter>Src\rmat</Filter>
    </ClCompile>
    <ClCompile Include="C:\Users\fulcrum\Documents\cppProjects\Mnemosy\Mnemosy\Code\Dependencies\openCV\opencv\modules\gapi\test\rmat\rmat_tests.cpp">
      <Filter>Src\rmat</Filter>
    </ClCompile>
    <ClCompile Include="C:\Users\fulcrum\Documents\cppProjects\Mnemosy\Mnemosy\Code\Dependencies\openCV\opencv\modules\gapi\test\rmat\rmat_view_tests.cpp">
      <Filter>Src\rmat</Filter>
    </ClCompile>
    <ClCompile Include="C:\Users\fulcrum\Documents\cppProjects\Mnemosy\Mnemosy\Code\Dependencies\openCV\opencv\modules\gapi\test\s11n\gapi_s11n_tests.cpp">
      <Filter>Src\s11n</Filter>
    </ClCompile>
    <ClCompile Include="C:\Users\fulcrum\Documents\cppProjects\Mnemosy\Mnemosy\Code\Dependencies\openCV\opencv\modules\gapi\test\s11n\gapi_sample_pipelines_s11n.cpp">
      <Filter>Src\s11n</Filter>
    </ClCompile>
    <ClCompile Include="C:\Users\fulcrum\Documents\cppProjects\Mnemosy\Mnemosy\Code\Dependencies\openCV\opencv\modules\gapi\test\streaming\gapi_gstreamer_pipeline_facade_int_tests.cpp">
      <Filter>Src\streaming</Filter>
    </ClCompile>
    <ClCompile Include="C:\Users\fulcrum\Documents\cppProjects\Mnemosy\Mnemosy\Code\Dependencies\openCV\opencv\modules\gapi\test\streaming\gapi_gstreamersource_tests.cpp">
      <Filter>Src\streaming</Filter>
    </ClCompile>
    <ClCompile Include="C:\Users\fulcrum\Documents\cppProjects\Mnemosy\Mnemosy\Code\Dependencies\openCV\opencv\modules\gapi\test\streaming\gapi_streaming_queue_source_tests.cpp">
      <Filter>Src\streaming</Filter>
    </ClCompile>
    <ClCompile Include="C:\Users\fulcrum\Documents\cppProjects\Mnemosy\Mnemosy\Code\Dependencies\openCV\opencv\modules\gapi\test\streaming\gapi_streaming_sync_tests.cpp">
      <Filter>Src\streaming</Filter>
    </ClCompile>
    <ClCompile Include="C:\Users\fulcrum\Documents\cppProjects\Mnemosy\Mnemosy\Code\Dependencies\openCV\opencv\modules\gapi\test\streaming\gapi_streaming_tests.cpp">
      <Filter>Src\streaming</Filter>
    </ClCompile>
    <ClCompile Include="C:\Users\fulcrum\Documents\cppProjects\Mnemosy\Mnemosy\Code\Dependencies\openCV\opencv\modules\gapi\test\streaming\gapi_streaming_utils_test.cpp">
      <Filter>Src\streaming</Filter>
    </ClCompile>
    <ClCompile Include="C:\Users\fulcrum\Documents\cppProjects\Mnemosy\Mnemosy\Code\Dependencies\openCV\opencv\modules\gapi\test\streaming\gapi_streaming_vpl_core_test.cpp">
      <Filter>Src\streaming</Filter>
    </ClCompile>
    <ClCompile Include="C:\Users\fulcrum\Documents\cppProjects\Mnemosy\Mnemosy\Code\Dependencies\openCV\opencv\modules\gapi\test\streaming\gapi_streaming_vpl_data_provider.cpp">
      <Filter>Src\streaming</Filter>
    </ClCompile>
    <ClCompile Include="C:\Users\fulcrum\Documents\cppProjects\Mnemosy\Mnemosy\Code\Dependencies\openCV\opencv\modules\gapi\test\streaming\gapi_streaming_vpl_device_selector.cpp">
      <Filter>Src\streaming</Filter>
    </ClCompile>
    <ClCompile Include="C:\Users\fulcrum\Documents\cppProjects\Mnemosy\Mnemosy\Code\Dependencies\openCV\opencv\modules\gapi\test\streaming\gapi_streaming_vpp_preproc_test.cpp">
      <Filter>Src\streaming</Filter>
    </ClCompile>
    <ClCompile Include="C:\Users\fulcrum\Documents\cppProjects\Mnemosy\Mnemosy\Code\Dependencies\openCV\opencv\modules\gapi\test\test_main.cpp">
      <Filter>Src</Filter>
    </ClCompile>
    <ClCompile Include="C:\Users\fulcrum\Documents\cppProjects\Mnemosy\Mnemosy\Code\Dependencies\openCV\opencv\modules\gapi\test\util\any_tests.cpp">
      <Filter>Src\util</Filter>
    </ClCompile>
    <ClCompile Include="C:\Users\fulcrum\Documents\cppProjects\Mnemosy\Mnemosy\Code\Dependencies\openCV\opencv\modules\gapi\test\util\optional_tests.cpp">
      <Filter>Src\util</Filter>
    </ClCompile>
    <ClCompile Include="C:\Users\fulcrum\Documents\cppProjects\Mnemosy\Mnemosy\Code\Dependencies\openCV\opencv\modules\gapi\test\util\variant_tests.cpp">
      <Filter>Src\util</Filter>
    </ClCompile>
  </ItemGroup>
  <ItemGroup>
    <ClInclude Include="C:\Users\fulcrum\Documents\cppProjects\Mnemosy\Mnemosy\Code\Dependencies\openCV\opencv\modules\gapi\test\common\gapi_core_tests.hpp">
      <Filter>Include\common</Filter>
    </ClInclude>
    <ClInclude Include="C:\Users\fulcrum\Documents\cppProjects\Mnemosy\Mnemosy\Code\Dependencies\openCV\opencv\modules\gapi\test\common\gapi_core_tests_common.hpp">
      <Filter>Include\common</Filter>
    </ClInclude>
    <ClInclude Include="C:\Users\fulcrum\Documents\cppProjects\Mnemosy\Mnemosy\Code\Dependencies\openCV\opencv\modules\gapi\test\common\gapi_core_tests_inl.hpp">
      <Filter>Include\common</Filter>
    </ClInclude>
    <ClInclude Include="C:\Users\fulcrum\Documents\cppProjects\Mnemosy\Mnemosy\Code\Dependencies\openCV\opencv\modules\gapi\test\common\gapi_imgproc_tests.hpp">
      <Filter>Include\common</Filter>
    </ClInclude>
    <ClInclude Include="C:\Users\fulcrum\Documents\cppProjects\Mnemosy\Mnemosy\Code\Dependencies\openCV\opencv\modules\gapi\test\common\gapi_imgproc_tests_common.hpp">
      <Filter>Include\common</Filter>
    </ClInclude>
    <ClInclude Include="C:\Users\fulcrum\Documents\cppProjects\Mnemosy\Mnemosy\Code\Dependencies\openCV\opencv\modules\gapi\test\common\gapi_imgproc_tests_inl.hpp">
      <Filter>Include\common</Filter>
    </ClInclude>
    <ClInclude Include="C:\Users\fulcrum\Documents\cppProjects\Mnemosy\Mnemosy\Code\Dependencies\openCV\opencv\modules\gapi\test\common\gapi_operators_tests.hpp">
      <Filter>Include\common</Filter>
    </ClInclude>
    <ClInclude Include="C:\Users\fulcrum\Documents\cppProjects\Mnemosy\Mnemosy\Code\Dependencies\openCV\opencv\modules\gapi\test\common\gapi_operators_tests_inl.hpp">
      <Filter>Include\common</Filter>
    </ClInclude>
    <ClInclude Include="C:\Users\fulcrum\Documents\cppProjects\Mnemosy\Mnemosy\Code\Dependencies\openCV\opencv\modules\gapi\test\common\gapi_parsers_tests_common.hpp">
      <Filter>Include\common</Filter>
    </ClInclude>
    <ClInclude Include="C:\Users\fulcrum\Documents\cppProjects\Mnemosy\Mnemosy\Code\Dependencies\openCV\opencv\modules\gapi\test\common\gapi_render_tests.hpp">
      <Filter>Include\common</Filter>
    </ClInclude>
    <ClInclude Include="C:\Users\fulcrum\Documents\cppProjects\Mnemosy\Mnemosy\Code\Dependencies\openCV\opencv\modules\gapi\test\common\gapi_stereo_tests.hpp">
      <Filter>Include\common</Filter>
    </ClInclude>
    <ClInclude Include="C:\Users\fulcrum\Documents\cppProjects\Mnemosy\Mnemosy\Code\Dependencies\openCV\opencv\modules\gapi\test\common\gapi_stereo_tests_inl.hpp">
      <Filter>Include\common</Filter>
    </ClInclude>
    <ClInclude Include="C:\Users\fulcrum\Documents\cppProjects\Mnemosy\Mnemosy\Code\Dependencies\openCV\opencv\modules\gapi\test\common\gapi_streaming_tests_common.hpp">
      <Filter>Include\common</Filter>
    </ClInclude>
    <ClInclude Include="C:\Users\fulcrum\Documents\cppProjects\Mnemosy\Mnemosy\Code\Dependencies\openCV\opencv\modules\gapi\test\common\gapi_tests_common.hpp">
      <Filter>Include\common</Filter>
    </ClInclude>
    <ClInclude Include="C:\Users\fulcrum\Documents\cppProjects\Mnemosy\Mnemosy\Code\Dependencies\openCV\opencv\modules\gapi\test\common\gapi_tests_helpers.hpp">
      <Filter>Include\common</Filter>
    </ClInclude>
    <ClInclude Include="C:\Users\fulcrum\Documents\cppProjects\Mnemosy\Mnemosy\Code\Dependencies\openCV\opencv\modules\gapi\test\common\gapi_video_tests.hpp">
      <Filter>Include\common</Filter>
    </ClInclude>
    <ClInclude Include="C:\Users\fulcrum\Documents\cppProjects\Mnemosy\Mnemosy\Code\Dependencies\openCV\opencv\modules\gapi\test\common\gapi_video_tests_common.hpp">
      <Filter>Include\common</Filter>
    </ClInclude>
    <ClInclude Include="C:\Users\fulcrum\Documents\cppProjects\Mnemosy\Mnemosy\Code\Dependencies\openCV\opencv\modules\gapi\test\common\gapi_video_tests_inl.hpp">
      <Filter>Include\common</Filter>
    </ClInclude>
    <ClInclude Include="C:\Users\fulcrum\Documents\cppProjects\Mnemosy\Mnemosy\Code\Dependencies\openCV\opencv\modules\gapi\test\cpu\gapi_ocv_stateful_kernel_test_utils.hpp">
      <Filter>Include\cpu</Filter>
    </ClInclude>
    <ClInclude Include="C:\Users\fulcrum\Documents\cppProjects\Mnemosy\Mnemosy\Code\Dependencies\openCV\opencv\modules\gapi\test\gapi_fluid_test_kernels.hpp">
      <Filter>Include</Filter>
    </ClInclude>
    <ClInclude Include="C:\Users\fulcrum\Documents\cppProjects\Mnemosy\Mnemosy\Code\Dependencies\openCV\opencv\modules\gapi\test\gapi_mock_kernels.hpp">
      <Filter>Include</Filter>
    </ClInclude>
    <ClInclude Include="C:\Users\fulcrum\Documents\cppProjects\Mnemosy\Mnemosy\Code\Dependencies\openCV\opencv\modules\gapi\test\opencl_kernels_test_gapi.hpp">
      <Filter>Include</Filter>
    </ClInclude>
    <ClInclude Include="C:\Users\fulcrum\Documents\cppProjects\Mnemosy\Mnemosy\Code\Dependencies\openCV\opencv\modules\gapi\test\rmat\rmat_test_common.hpp">
      <Filter>Include\rmat</Filter>
    </ClInclude>
    <ClInclude Include="C:\Users\fulcrum\Documents\cppProjects\Mnemosy\Mnemosy\Code\Dependencies\openCV\opencv\modules\gapi\test\test_precomp.hpp">
      <Filter>Include</Filter>
    </ClInclude>
    <ClInclude Include="C:\Users\fulcrum\Documents\cppProjects\Mnemosy\Mnemosy\Solution\Code\Dependencies\openCV\opencv\modules\gapi\CMakeFiles\opencv_test_gapi.dir\Debug\cmake_pch.hxx">
      <Filter>Precompile Header File</Filter>
    </ClInclude>
    <ClInclude Include="C:\Users\fulcrum\Documents\cppProjects\Mnemosy\Mnemosy\Solution\Code\Dependencies\openCV\opencv\modules\gapi\CMakeFiles\opencv_test_gapi.dir\Release\cmake_pch.hxx">
      <Filter>Precompile Header File</Filter>
    </ClInclude>
    <ClInclude Include="C:\Users\fulcrum\Documents\cppProjects\Mnemosy\Mnemosy\Solution\Code\Dependencies\openCV\opencv\modules\gapi\CMakeFiles\opencv_test_gapi.dir\MinSizeRel\cmake_pch.hxx">
      <Filter>Precompile Header File</Filter>
    </ClInclude>
    <ClInclude Include="C:\Users\fulcrum\Documents\cppProjects\Mnemosy\Mnemosy\Solution\Code\Dependencies\openCV\opencv\modules\gapi\CMakeFiles\opencv_test_gapi.dir\RelWithDebInfo\cmake_pch.hxx">
      <Filter>Precompile Header File</Filter>
    </ClInclude>
  </ItemGroup>
  <ItemGroup>
    <CustomBuild Include="C:\Users\fulcrum\Documents\cppProjects\Mnemosy\Mnemosy\Code\Dependencies\openCV\opencv\modules\gapi\CMakeLists.txt" />
  </ItemGroup>
  <ItemGroup>
    <Filter Include="Include">
      <UniqueIdentifier>{00728CAE-15D9-3023-B2D5-34D33D7AFE19}</UniqueIdentifier>
    </Filter>
    <Filter Include="Include\common">
      <UniqueIdentifier>{F5E8B1D5-0F91-30A7-AE59-8BFE73621FC3}</UniqueIdentifier>
    </Filter>
    <Filter Include="Include\cpu">
      <UniqueIdentifier>{5E1F15D7-86E8-3610-83A5-4D0443AAA234}</UniqueIdentifier>
    </Filter>
    <Filter Include="Include\rmat">
      <UniqueIdentifier>{ED133B52-2DBF-3EB7-8637-54FD8180DC10}</UniqueIdentifier>
    </Filter>
    <Filter Include="Precompile Header File">
      <UniqueIdentifier>{CEF0C383-ECBD-36BC-82C5-2C0218026683}</UniqueIdentifier>
    </Filter>
    <Filter Include="Source Files">
      <UniqueIdentifier>{2B5C5160-0234-3C95-9768-209413C78BB6}</UniqueIdentifier>
    </Filter>
    <Filter Include="Src">
      <UniqueIdentifier>{32CD143F-BD4B-3A5A-9E62-C9D75B8FD7DA}</UniqueIdentifier>
    </Filter>
    <Filter Include="Src\common">
      <UniqueIdentifier>{D349C377-8543-38C9-A73E-F0C33E325876}</UniqueIdentifier>
    </Filter>
    <Filter Include="Src\cpu">
      <UniqueIdentifier>{E36408D3-DF81-3910-BEC4-10FC585A3876}</UniqueIdentifier>
    </Filter>
    <Filter Include="Src\executor">
      <UniqueIdentifier>{1F4C65E3-3CAE-3371-95FF-4CE3FAF629E8}</UniqueIdentifier>
    </Filter>
    <Filter Include="Src\gpu">
      <UniqueIdentifier>{8DA679DD-7BD3-36D4-BA2E-283D604D211C}</UniqueIdentifier>
    </Filter>
    <Filter Include="Src\infer">
      <UniqueIdentifier>{20A5F4C9-FC6B-36B6-B820-8FABEEAB933F}</UniqueIdentifier>
    </Filter>
    <Filter Include="Src\internal">
      <UniqueIdentifier>{A359DD84-77BE-3B78-B8BC-736F20DFA037}</UniqueIdentifier>
    </Filter>
    <Filter Include="Src\oak">
      <UniqueIdentifier>{1C358D7F-DBEB-3F8B-A5B0-72D0205F0A91}</UniqueIdentifier>
    </Filter>
    <Filter Include="Src\own">
      <UniqueIdentifier>{99221AC0-196A-3A8E-941B-F24A3F26C929}</UniqueIdentifier>
    </Filter>
    <Filter Include="Src\render">
      <UniqueIdentifier>{18A0F6A4-B5F3-3802-B6CF-E20DA109CF2D}</UniqueIdentifier>
    </Filter>
    <Filter Include="Src\rmat">
      <UniqueIdentifier>{B05A3AEA-50C2-32E7-BADC-0521D786CB7D}</UniqueIdentifier>
    </Filter>
    <Filter Include="Src\s11n">
      <UniqueIdentifier>{4269BA30-D6DA-376F-9252-7A4CBDF36271}</UniqueIdentifier>
    </Filter>
    <Filter Include="Src\streaming">
      <UniqueIdentifier>{4AE94B99-4798-3984-9B8C-45EB73460E1B}</UniqueIdentifier>
    </Filter>
    <Filter Include="Src\util">
      <UniqueIdentifier>{3BF3944C-5F3E-3496-99A8-D198ECEA7FA4}</UniqueIdentifier>
    </Filter>
  </ItemGroup>
</Project>
