<?xml version="1.0" encoding="utf-8"?>
<Project ToolsVersion="17.0" xmlns="http://schemas.microsoft.com/developer/msbuild/2003">
  <ItemGroup>
    <ClCompile Include="C:\Users\fulcrum\Documents\cppProjects\Mnemosy\Mnemosy\Solution\Code\Dependencies\openCV\opencv\modules\objdetect\CMakeFiles\opencv_objdetect.dir\cmake_pch.cxx">
      <Filter>Source Files</Filter>
    </ClCompile>
    <ClCompile Include="C:\Users\fulcrum\Documents\cppProjects\Mnemosy\Mnemosy\Code\Dependencies\openCV\opencv\modules\objdetect\src\aruco\apriltag\apriltag_quad_thresh.cpp">
      <Filter>Src\aruco\apriltag</Filter>
    </ClCompile>
    <ClCompile Include="C:\Users\fulcrum\Documents\cppProjects\Mnemosy\Mnemosy\Code\Dependencies\openCV\opencv\modules\objdetect\src\aruco\apriltag\zmaxheap.cpp">
      <Filter>Src\aruco\apriltag</Filter>
    </ClCompile>
    <ClCompile Include="C:\Users\fulcrum\Documents\cppProjects\Mnemosy\Mnemosy\Code\Dependencies\openCV\opencv\modules\objdetect\src\aruco\aruco_board.cpp">
      <Filter>Src\aruco</Filter>
    </ClCompile>
    <ClCompile Include="C:\Users\fulcrum\Documents\cppProjects\Mnemosy\Mnemosy\Code\Dependencies\openCV\opencv\modules\objdetect\src\aruco\aruco_detector.cpp">
      <Filter>Src\aruco</Filter>
    </ClCompile>
    <ClCompile Include="C:\Users\fulcrum\Documents\cppProjects\Mnemosy\Mnemosy\Code\Dependencies\openCV\opencv\modules\objdetect\src\aruco\aruco_dictionary.cpp">
      <Filter>Src\aruco</Filter>
    </ClCompile>
    <ClCompile Include="C:\Users\fulcrum\Documents\cppProjects\Mnemosy\Mnemosy\Code\Dependencies\openCV\opencv\modules\objdetect\src\aruco\aruco_utils.cpp">
      <Filter>Src\aruco</Filter>
    </ClCompile>
    <ClCompile Include="C:\Users\fulcrum\Documents\cppProjects\Mnemosy\Mnemosy\Code\Dependencies\openCV\opencv\modules\objdetect\src\aruco\charuco_detector.cpp">
      <Filter>Src\aruco</Filter>
    </ClCompile>
    <ClCompile Include="C:\Users\fulcrum\Documents\cppProjects\Mnemosy\Mnemosy\Code\Dependencies\openCV\opencv\modules\objdetect\src\barcode.cpp">
      <Filter>Src</Filter>
    </ClCompile>
    <ClCompile Include="C:\Users\fulcrum\Documents\cppProjects\Mnemosy\Mnemosy\Code\Dependencies\openCV\opencv\modules\objdetect\src\barcode_decoder\abs_decoder.cpp">
      <Filter>Src\barcode_decoder</Filter>
    </ClCompile>
    <ClCompile Include="C:\Users\fulcrum\Documents\cppProjects\Mnemosy\Mnemosy\Code\Dependencies\openCV\opencv\modules\objdetect\src\barcode_decoder\common\hybrid_binarizer.cpp">
      <Filter>Src\barcode_decoder\common</Filter>
    </ClCompile>
    <ClCompile Include="C:\Users\fulcrum\Documents\cppProjects\Mnemosy\Mnemosy\Code\Dependencies\openCV\opencv\modules\objdetect\src\barcode_decoder\common\super_scale.cpp">
      <Filter>Src\barcode_decoder\common</Filter>
    </ClCompile>
    <ClCompile Include="C:\Users\fulcrum\Documents\cppProjects\Mnemosy\Mnemosy\Code\Dependencies\openCV\opencv\modules\objdetect\src\barcode_decoder\common\utils.cpp">
      <Filter>Src\barcode_decoder\common</Filter>
    </ClCompile>
    <ClCompile Include="C:\Users\fulcrum\Documents\cppProjects\Mnemosy\Mnemosy\Code\Dependencies\openCV\opencv\modules\objdetect\src\barcode_decoder\ean13_decoder.cpp">
      <Filter>Src\barcode_decoder</Filter>
    </ClCompile>
    <ClCompile Include="C:\Users\fulcrum\Documents\cppProjects\Mnemosy\Mnemosy\Code\Dependencies\openCV\opencv\modules\objdetect\src\barcode_decoder\ean8_decoder.cpp">
      <Filter>Src\barcode_decoder</Filter>
    </ClCompile>
    <ClCompile Include="C:\Users\fulcrum\Documents\cppProjects\Mnemosy\Mnemosy\Code\Dependencies\openCV\opencv\modules\objdetect\src\barcode_decoder\upcean_decoder.cpp">
      <Filter>Src\barcode_decoder</Filter>
    </ClCompile>
    <ClCompile Include="C:\Users\fulcrum\Documents\cppProjects\Mnemosy\Mnemosy\Code\Dependencies\openCV\opencv\modules\objdetect\src\barcode_detector\bardetect.cpp">
      <Filter>Src\barcode_detector</Filter>
    </ClCompile>
    <ClCompile Include="C:\Users\fulcrum\Documents\cppProjects\Mnemosy\Mnemosy\Code\Dependencies\openCV\opencv\modules\objdetect\src\cascadedetect.cpp">
      <Filter>Src</Filter>
    </ClCompile>
    <ClCompile Include="C:\Users\fulcrum\Documents\cppProjects\Mnemosy\Mnemosy\Code\Dependencies\openCV\opencv\modules\objdetect\src\cascadedetect_convert.cpp">
      <Filter>Src</Filter>
    </ClCompile>
    <ClCompile Include="C:\Users\fulcrum\Documents\cppProjects\Mnemosy\Mnemosy\Code\Dependencies\openCV\opencv\modules\objdetect\src\detection_based_tracker.cpp">
      <Filter>Src</Filter>
    </ClCompile>
    <ClCompile Include="C:\Users\fulcrum\Documents\cppProjects\Mnemosy\Mnemosy\Code\Dependencies\openCV\opencv\modules\objdetect\src\face_detect.cpp">
      <Filter>Src</Filter>
    </ClCompile>
    <ClCompile Include="C:\Users\fulcrum\Documents\cppProjects\Mnemosy\Mnemosy\Code\Dependencies\openCV\opencv\modules\objdetect\src\face_recognize.cpp">
      <Filter>Src</Filter>
    </ClCompile>
    <ClCompile Include="C:\Users\fulcrum\Documents\cppProjects\Mnemosy\Mnemosy\Code\Dependencies\openCV\opencv\modules\objdetect\src\graphical_code_detector.cpp">
      <Filter>Src</Filter>
    </ClCompile>
    <ClCompile Include="C:\Users\fulcrum\Documents\cppProjects\Mnemosy\Mnemosy\Code\Dependencies\openCV\opencv\modules\objdetect\src\hog.cpp">
      <Filter>Src</Filter>
    </ClCompile>
    <ClCompile Include="C:\Users\fulcrum\Documents\cppProjects\Mnemosy\Mnemosy\Code\Dependencies\openCV\opencv\modules\objdetect\src\main.cpp">
      <Filter>Src</Filter>
    </ClCompile>
    <ClCompile Include="C:\Users\fulcrum\Documents\cppProjects\Mnemosy\Mnemosy\Code\Dependencies\openCV\opencv\modules\objdetect\src\qrcode.cpp">
      <Filter>Src</Filter>
    </ClCompile>
    <ClCompile Include="C:\Users\fulcrum\Documents\cppProjects\Mnemosy\Mnemosy\Code\Dependencies\openCV\opencv\modules\objdetect\src\qrcode_encoder.cpp">
      <Filter>Src</Filter>
    </ClCompile>
    <ClCompile Include="C:\Users\fulcrum\Documents\cppProjects\Mnemosy\Mnemosy\Solution\Code\Dependencies\openCV\opencv\modules\objdetect\opencl_kernels_objdetect.cpp">
      <Filter>Src\opencl\kernels\autogenerated</Filter>
    </ClCompile>
  </ItemGroup>
  <ItemGroup>
    <ClInclude Include="C:\Users\fulcrum\Documents\cppProjects\Mnemosy\Mnemosy\Code\Dependencies\openCV\opencv\modules\objdetect\include\opencv2\objdetect.hpp">
      <Filter>Include\opencv2</Filter>
    </ClInclude>
    <ClInclude Include="C:\Users\fulcrum\Documents\cppProjects\Mnemosy\Mnemosy\Code\Dependencies\openCV\opencv\modules\objdetect\include\opencv2\objdetect\aruco_board.hpp">
      <Filter>Include\opencv2\objdetect</Filter>
    </ClInclude>
    <ClInclude Include="C:\Users\fulcrum\Documents\cppProjects\Mnemosy\Mnemosy\Code\Dependencies\openCV\opencv\modules\objdetect\include\opencv2\objdetect\aruco_detector.hpp">
      <Filter>Include\opencv2\objdetect</Filter>
    </ClInclude>
    <ClInclude Include="C:\Users\fulcrum\Documents\cppProjects\Mnemosy\Mnemosy\Code\Dependencies\openCV\opencv\modules\objdetect\include\opencv2\objdetect\aruco_dictionary.hpp">
      <Filter>Include\opencv2\objdetect</Filter>
    </ClInclude>
    <ClInclude Include="C:\Users\fulcrum\Documents\cppProjects\Mnemosy\Mnemosy\Code\Dependencies\openCV\opencv\modules\objdetect\include\opencv2\objdetect\barcode.hpp">
      <Filter>Include\opencv2\objdetect</Filter>
    </ClInclude>
    <ClInclude Include="C:\Users\fulcrum\Documents\cppProjects\Mnemosy\Mnemosy\Code\Dependencies\openCV\opencv\modules\objdetect\include\opencv2\objdetect\charuco_detector.hpp">
      <Filter>Include\opencv2\objdetect</Filter>
    </ClInclude>
    <ClInclude Include="C:\Users\fulcrum\Documents\cppProjects\Mnemosy\Mnemosy\Code\Dependencies\openCV\opencv\modules\objdetect\include\opencv2\objdetect\detection_based_tracker.hpp">
      <Filter>Include\opencv2\objdetect</Filter>
    </ClInclude>
    <ClInclude Include="C:\Users\fulcrum\Documents\cppProjects\Mnemosy\Mnemosy\Code\Dependencies\openCV\opencv\modules\objdetect\include\opencv2\objdetect\face.hpp">
      <Filter>Include\opencv2\objdetect</Filter>
    </ClInclude>
    <ClInclude Include="C:\Users\fulcrum\Documents\cppProjects\Mnemosy\Mnemosy\Code\Dependencies\openCV\opencv\modules\objdetect\include\opencv2\objdetect\graphical_code_detector.hpp">
      <Filter>Include\opencv2\objdetect</Filter>
    </ClInclude>
    <ClInclude Include="C:\Users\fulcrum\Documents\cppProjects\Mnemosy\Mnemosy\Code\Dependencies\openCV\opencv\modules\objdetect\include\opencv2\objdetect\objdetect.hpp">
      <Filter>Include\opencv2\objdetect</Filter>
    </ClInclude>
    <ClInclude Include="C:\Users\fulcrum\Documents\cppProjects\Mnemosy\Mnemosy\Solution\Code\Dependencies\openCV\opencv\modules\objdetect\opencl_kernels_objdetect.hpp">
      <Filter>Src\opencl\kernels\autogenerated</Filter>
    </ClInclude>
    <ClInclude Include="C:\Users\fulcrum\Documents\cppProjects\Mnemosy\Mnemosy\Code\Dependencies\openCV\opencv\modules\objdetect\src\aruco\apriltag\apriltag_quad_thresh.hpp">
      <Filter>Src\aruco\apriltag</Filter>
    </ClInclude>
    <ClInclude Include="C:\Users\fulcrum\Documents\cppProjects\Mnemosy\Mnemosy\Code\Dependencies\openCV\opencv\modules\objdetect\src\aruco\apriltag\predefined_dictionaries_apriltag.hpp">
      <Filter>Src\aruco\apriltag</Filter>
    </ClInclude>
    <ClInclude Include="C:\Users\fulcrum\Documents\cppProjects\Mnemosy\Mnemosy\Code\Dependencies\openCV\opencv\modules\objdetect\src\aruco\apriltag\unionfind.hpp">
      <Filter>Src\aruco\apriltag</Filter>
    </ClInclude>
    <ClInclude Include="C:\Users\fulcrum\Documents\cppProjects\Mnemosy\Mnemosy\Code\Dependencies\openCV\opencv\modules\objdetect\src\aruco\apriltag\zarray.hpp">
      <Filter>Src\aruco\apriltag</Filter>
    </ClInclude>
    <ClInclude Include="C:\Users\fulcrum\Documents\cppProjects\Mnemosy\Mnemosy\Code\Dependencies\openCV\opencv\modules\objdetect\src\aruco\apriltag\zmaxheap.hpp">
      <Filter>Src\aruco\apriltag</Filter>
    </ClInclude>
    <ClInclude Include="C:\Users\fulcrum\Documents\cppProjects\Mnemosy\Mnemosy\Code\Dependencies\openCV\opencv\modules\objdetect\src\aruco\aruco_utils.hpp">
      <Filter>Src\aruco</Filter>
    </ClInclude>
    <ClInclude Include="C:\Users\fulcrum\Documents\cppProjects\Mnemosy\Mnemosy\Code\Dependencies\openCV\opencv\modules\objdetect\src\aruco\predefined_dictionaries.hpp">
      <Filter>Src\aruco</Filter>
    </ClInclude>
    <ClInclude Include="C:\Users\fulcrum\Documents\cppProjects\Mnemosy\Mnemosy\Code\Dependencies\openCV\opencv\modules\objdetect\src\barcode_decoder\abs_decoder.hpp">
      <Filter>Src\barcode_decoder</Filter>
    </ClInclude>
    <ClInclude Include="C:\Users\fulcrum\Documents\cppProjects\Mnemosy\Mnemosy\Code\Dependencies\openCV\opencv\modules\objdetect\src\barcode_decoder\common\hybrid_binarizer.hpp">
      <Filter>Src\barcode_decoder\common</Filter>
    </ClInclude>
    <ClInclude Include="C:\Users\fulcrum\Documents\cppProjects\Mnemosy\Mnemosy\Code\Dependencies\openCV\opencv\modules\objdetect\src\barcode_decoder\common\super_scale.hpp">
      <Filter>Src\barcode_decoder\common</Filter>
    </ClInclude>
    <ClInclude Include="C:\Users\fulcrum\Documents\cppProjects\Mnemosy\Mnemosy\Code\Dependencies\openCV\opencv\modules\objdetect\src\barcode_decoder\common\utils.hpp">
      <Filter>Src\barcode_decoder\common</Filter>
    </ClInclude>
    <ClInclude Include="C:\Users\fulcrum\Documents\cppProjects\Mnemosy\Mnemosy\Code\Dependencies\openCV\opencv\modules\objdetect\src\barcode_decoder\ean13_decoder.hpp">
      <Filter>Src\barcode_decoder</Filter>
    </ClInclude>
    <ClInclude Include="C:\Users\fulcrum\Documents\cppProjects\Mnemosy\Mnemosy\Code\Dependencies\openCV\opencv\modules\objdetect\src\barcode_decoder\ean8_decoder.hpp">
      <Filter>Src\barcode_decoder</Filter>
    </ClInclude>
    <ClInclude Include="C:\Users\fulcrum\Documents\cppProjects\Mnemosy\Mnemosy\Code\Dependencies\openCV\opencv\modules\objdetect\src\barcode_decoder\upcean_decoder.hpp">
      <Filter>Src\barcode_decoder</Filter>
    </ClInclude>
    <ClInclude Include="C:\Users\fulcrum\Documents\cppProjects\Mnemosy\Mnemosy\Code\Dependencies\openCV\opencv\modules\objdetect\src\barcode_detector\bardetect.hpp">
      <Filter>Src\barcode_detector</Filter>
    </ClInclude>
    <ClInclude Include="C:\Users\fulcrum\Documents\cppProjects\Mnemosy\Mnemosy\Code\Dependencies\openCV\opencv\modules\objdetect\src\cascadedetect.hpp">
      <Filter>Src</Filter>
    </ClInclude>
    <ClInclude Include="C:\Users\fulcrum\Documents\cppProjects\Mnemosy\Mnemosy\Code\Dependencies\openCV\opencv\modules\objdetect\src\graphical_code_detector_impl.hpp">
      <Filter>Src</Filter>
    </ClInclude>
    <ClInclude Include="C:\Users\fulcrum\Documents\cppProjects\Mnemosy\Mnemosy\Code\Dependencies\openCV\opencv\modules\objdetect\src\precomp.hpp">
      <Filter>Src</Filter>
    </ClInclude>
    <ClInclude Include="C:\Users\fulcrum\Documents\cppProjects\Mnemosy\Mnemosy\Code\Dependencies\openCV\opencv\modules\objdetect\src\qrcode_encoder_table.inl.hpp">
      <Filter>Src</Filter>
    </ClInclude>
    <ClInclude Include="C:\Users\fulcrum\Documents\cppProjects\Mnemosy\Mnemosy\Solution\cvconfig.h">
      <Filter>Include</Filter>
    </ClInclude>
    <ClInclude Include="C:\Users\fulcrum\Documents\cppProjects\Mnemosy\Mnemosy\Solution\opencv2\opencv_modules.hpp">
      <Filter>Include</Filter>
    </ClInclude>
    <ClInclude Include="C:\Users\fulcrum\Documents\cppProjects\Mnemosy\Mnemosy\Solution\Code\Dependencies\openCV\opencv\modules\objdetect\CMakeFiles\opencv_objdetect.dir\Debug\cmake_pch.hxx">
      <Filter>Precompile Header File</Filter>
    </ClInclude>
    <ClInclude Include="C:\Users\fulcrum\Documents\cppProjects\Mnemosy\Mnemosy\Solution\Code\Dependencies\openCV\opencv\modules\objdetect\CMakeFiles\opencv_objdetect.dir\Release\cmake_pch.hxx">
      <Filter>Precompile Header File</Filter>
    </ClInclude>
    <ClInclude Include="C:\Users\fulcrum\Documents\cppProjects\Mnemosy\Mnemosy\Solution\Code\Dependencies\openCV\opencv\modules\objdetect\CMakeFiles\opencv_objdetect.dir\MinSizeRel\cmake_pch.hxx">
      <Filter>Precompile Header File</Filter>
    </ClInclude>
    <ClInclude Include="C:\Users\fulcrum\Documents\cppProjects\Mnemosy\Mnemosy\Solution\Code\Dependencies\openCV\opencv\modules\objdetect\CMakeFiles\opencv_objdetect.dir\RelWithDebInfo\cmake_pch.hxx">
      <Filter>Precompile Header File</Filter>
    </ClInclude>
  </ItemGroup>
  <ItemGroup>
    <CustomBuild Include="C:\Users\fulcrum\Documents\cppProjects\Mnemosy\Mnemosy\Solution\CMakeFiles\8914c417e01f8f5c9c021b1b7e152394\opencl_kernels_objdetect.cpp.rule">
      <Filter>CMake Rules</Filter>
    </CustomBuild>
    <CustomBuild Include="C:\Users\fulcrum\Documents\cppProjects\Mnemosy\Mnemosy\Code\Dependencies\openCV\opencv\modules\objdetect\CMakeLists.txt" />
  </ItemGroup>
  <ItemGroup>
    <None Include="C:\Users\fulcrum\Documents\cppProjects\Mnemosy\Mnemosy\Code\Dependencies\openCV\opencv\modules\objdetect\src\opencl\cascadedetect.cl">
      <Filter>Src\opencl\kernels</Filter>
    </None>
    <None Include="C:\Users\fulcrum\Documents\cppProjects\Mnemosy\Mnemosy\Code\Dependencies\openCV\opencv\modules\objdetect\src\opencl\objdetect_hog.cl">
      <Filter>Src\opencl\kernels</Filter>
    </None>
  </ItemGroup>
  <ItemGroup>
    <Filter Include="CMake Rules">
      <UniqueIdentifier>{44215DDD-39F9-331E-B2BF-85F67DAFB233}</UniqueIdentifier>
    </Filter>
    <Filter Include="Include">
      <UniqueIdentifier>{00728CAE-15D9-3023-B2D5-34D33D7AFE19}</UniqueIdentifier>
    </Filter>
    <Filter Include="Include\opencv2">
      <UniqueIdentifier>{42D6220E-2845-38F3-9216-4993873F58BB}</UniqueIdentifier>
    </Filter>
    <Filter Include="Include\opencv2\objdetect">
      <UniqueIdentifier>{F12E8EA6-EA68-3C7F-B7BF-26E23811FD72}</UniqueIdentifier>
    </Filter>
    <Filter Include="Precompile Header File">
      <UniqueIdentifier>{CEF0C383-ECBD-36BC-82C5-2C0218026683}</UniqueIdentifier>
    </Filter>
    <Filter Include="Source Files">
      <UniqueIdentifier>{2B5C5160-0234-3C95-9768-209413C78BB6}</UniqueIdentifier>
    </Filter>
    <Filter Include="Src">
      <UniqueIdentifier>{32CD143F-BD4B-3A5A-9E62-C9D75B8FD7DA}</UniqueIdentifier>
    </Filter>
    <Filter Include="Src\aruco">
      <UniqueIdentifier>{7DD6BE2C-8F68-39E1-9C2B-A8DE3969C399}</UniqueIdentifier>
    </Filter>
    <Filter Include="Src\aruco\apriltag">
      <UniqueIdentifier>{D48855FA-6101-3F5D-966D-AC3011FE2FD7}</UniqueIdentifier>
    </Filter>
    <Filter Include="Src\barcode_decoder">
      <UniqueIdentifier>{10380907-094A-34C7-9208-AB0E91864C9A}</UniqueIdentifier>
    </Filter>
    <Filter Include="Src\barcode_decoder\common">
      <UniqueIdentifier>{5770BAAD-F87A-3D9F-BE7C-134C131447ED}</UniqueIdentifier>
    </Filter>
    <Filter Include="Src\barcode_detector">
      <UniqueIdentifier>{288A2314-D584-3723-AA87-C2D4C1BEAA33}</UniqueIdentifier>
    </Filter>
    <Filter Include="Src\opencl">
      <UniqueIdentifier>{64C6739B-A6D0-3140-98C1-91CAECE129A9}</UniqueIdentifier>
    </Filter>
    <Filter Include="Src\opencl\kernels">
      <UniqueIdentifier>{232CB2BC-F75C-3747-AD5E-4C7DD8D22927}</UniqueIdentifier>
    </Filter>
    <Filter Include="Src\opencl\kernels\autogenerated">
      <UniqueIdentifier>{8E74C2AA-A607-3039-9C47-5A81FB1264F5}</UniqueIdentifier>
    </Filter>
  </ItemGroup>
</Project>
