<?xml version="1.0" encoding="utf-8"?>
<Project ToolsVersion="17.0" xmlns="http://schemas.microsoft.com/developer/msbuild/2003">
  <ItemGroup>
    <ClCompile Include="C:\Users\fulcrum\Documents\cppProjects\Mnemosy\Mnemosy\Code\Application\Src\main.cpp">
      <Filter>Src</Filter>
    </ClCompile>
    <ClCompile Include="C:\Users\fulcrum\Documents\cppProjects\Mnemosy\Mnemosy\Code\Application\Src\Application.cpp">
      <Filter>Src</Filter>
    </ClCompile>
    <ClCompile Include="C:\Users\fulcrum\Documents\cppProjects\Mnemosy\Mnemosy\Code\Application\Src\Input\CameraInputController.cpp">
      <Filter>Src\Input</Filter>
    </ClCompile>
    <ClCompile Include="C:\Users\fulcrum\Documents\cppProjects\Mnemosy\Mnemosy\Code\Application\Src\Input\SceneInputController.cpp">
      <Filter>Src\Input</Filter>
    </ClCompile>
    <ClCompile Include="C:\Users\fulcrum\Documents\cppProjects\Mnemosy\Mnemosy\Code\Application\Src\GuiPanels\GuiPanelManager.cpp">
      <Filter>Src\GuiPanels</Filter>
    </ClCompile>
    <ClCompile Include="C:\Users\fulcrum\Documents\cppProjects\Mnemosy\Mnemosy\Code\Application\Src\GuiPanels\MainMenuBarGuiPanel.cpp">
      <Filter>Src\GuiPanels</Filter>
    </ClCompile>
    <ClCompile Include="C:\Users\fulcrum\Documents\cppProjects\Mnemosy\Mnemosy\Code\Application\Src\GuiPanels\GlobalSettingsGuiPanel.cpp">
      <Filter>Src\GuiPanels</Filter>
    </ClCompile>
    <ClCompile Include="C:\Users\fulcrum\Documents\cppProjects\Mnemosy\Mnemosy\Code\Application\Src\GuiPanels\ViewportGuiPanel.cpp">
      <Filter>Src\GuiPanels</Filter>
    </ClCompile>
    <ClCompile Include="C:\Users\fulcrum\Documents\cppProjects\Mnemosy\Mnemosy\Code\Application\Src\GuiPanels\SceneSettingsGuiPanel.cpp">
      <Filter>Src\GuiPanels</Filter>
    </ClCompile>
    <ClCompile Include="C:\Users\fulcrum\Documents\cppProjects\Mnemosy\Mnemosy\Code\Application\Src\GuiPanels\MaterialEditorGuiPanel.cpp">
      <Filter>Src\GuiPanels</Filter>
    </ClCompile>
  </ItemGroup>
  <ItemGroup>
    <ClInclude Include="C:\Users\fulcrum\Documents\cppProjects\Mnemosy\Mnemosy\Code\Application\Include\Application.h">
      <Filter>Include</Filter>
    </ClInclude>
    <ClInclude Include="C:\Users\fulcrum\Documents\cppProjects\Mnemosy\Mnemosy\Code\Application\Include\Input\CameraInputController.h">
      <Filter>Include\Input</Filter>
    </ClInclude>
    <ClInclude Include="C:\Users\fulcrum\Documents\cppProjects\Mnemosy\Mnemosy\Code\Application\Include\Input\SceneInputController.h">
      <Filter>Include\Input</Filter>
    </ClInclude>
    <ClInclude Include="C:\Users\fulcrum\Documents\cppProjects\Mnemosy\Mnemosy\Code\Application\Include\GuiPanels\GuiPanelManager.h">
      <Filter>Include\GuiPanels</Filter>
    </ClInclude>
    <ClInclude Include="C:\Users\fulcrum\Documents\cppProjects\Mnemosy\Mnemosy\Code\Application\Include\GuiPanels\MainMenuBarGuiPanel.h">
      <Filter>Include\GuiPanels</Filter>
    </ClInclude>
    <ClInclude Include="C:\Users\fulcrum\Documents\cppProjects\Mnemosy\Mnemosy\Code\Application\Include\GuiPanels\GlobalSettingsGuiPanel.h">
      <Filter>Include\GuiPanels</Filter>
    </ClInclude>
    <ClInclude Include="C:\Users\fulcrum\Documents\cppProjects\Mnemosy\Mnemosy\Code\Application\Include\GuiPanels\ViewportGuiPanel.h">
      <Filter>Include\GuiPanels</Filter>
    </ClInclude>
    <ClInclude Include="C:\Users\fulcrum\Documents\cppProjects\Mnemosy\Mnemosy\Code\Application\Include\GuiPanels\SceneSettingsGuiPanel.h">
      <Filter>Include\GuiPanels</Filter>
    </ClInclude>
    <ClInclude Include="C:\Users\fulcrum\Documents\cppProjects\Mnemosy\Mnemosy\Code\Application\Include\GuiPanels\MaterialEditorGuiPanel.h">
      <Filter>Include\GuiPanels</Filter>
    </ClInclude>
  </ItemGroup>
  <ItemGroup>
    <CustomBuild Include="C:\Users\fulcrum\Documents\cppProjects\Mnemosy\Mnemosy\CMakeLists.txt" />
  </ItemGroup>
  <ItemGroup>
    <Natvis Include="C:\Users\fulcrum\Documents\cppProjects\Mnemosy\Mnemosy\Code\Dependencies\json-3.9.1\nlohmann_json.natvis" />
  </ItemGroup>
  <ItemGroup>
    <Filter Include="Include">
      <UniqueIdentifier>{00728CAE-15D9-3023-B2D5-34D33D7AFE19}</UniqueIdentifier>
    </Filter>
    <Filter Include="Include\GuiPanels">
      <UniqueIdentifier>{D76BDFFE-E660-3B67-BDBA-3A2453175CCD}</UniqueIdentifier>
    </Filter>
    <Filter Include="Include\Input">
      <UniqueIdentifier>{880B1BC8-AAFF-3E81-AD0A-62C8017A1D7D}</UniqueIdentifier>
    </Filter>
    <Filter Include="Src">
      <UniqueIdentifier>{32CD143F-BD4B-3A5A-9E62-C9D75B8FD7DA}</UniqueIdentifier>
    </Filter>
    <Filter Include="Src\GuiPanels">
      <UniqueIdentifier>{8BF96BEC-54DD-3359-B092-773F7D877D79}</UniqueIdentifier>
    </Filter>
    <Filter Include="Src\Input">
      <UniqueIdentifier>{523A1DD6-C604-3FD8-B99A-6D032FA60F08}</UniqueIdentifier>
    </Filter>
  </ItemGroup>
</Project>
