
Microsoft Visual Studio Solution File, Format Version 12.00
# Visual Studio Version 17
Project("{2150E333-8FDC-42A3-9474-1A3956D46DE8}") = "CMakePredefinedTargets", "CMakePredefinedTargets", "{D8B97FB5-2E98-3FAB-B553-4A51AB31BBDE}"
EndProject
Project("{2150E333-8FDC-42A3-9474-1A3956D46DE8}") = "CTestDashboardTargets", "CTestDashboardTargets", "{E91AF872-C30F-36E5-9807-C19175E65987}"
EndProject
Project("{2150E333-8FDC-42A3-9474-1A3956D46DE8}") = "GLFW3", "GLFW3", "{938FD27D-32B7-36DD-A127-FBC460934AE2}"
EndProject
Project("{8BC9CEB8-8B4A-11D0-8D11-00A0C91BC942}") = "MnemosyApplication", "MnemosyApplication.vcxproj", "{2CA589EB-A89D-3D78-8362-8EADDFC7DF21}"
	ProjectSection(ProjectDependencies) = postProject
		{859A5F97-8D18-3FC3-98E1-6D3BB807C0BA} = {859A5F97-8D18-3FC3-98E1-6D3BB807C0BA}
		{838CF6F2-DB24-393B-8DEA-6352D6D05874} = {838CF6F2-DB24-393B-8DEA-6352D6D05874}
		{66F39557-B3D7-3080-8285-661C4C8979EE} = {66F39557-B3D7-3080-8285-661C4C8979EE}
		{80FCDFCF-CF16-3B63-9867-A33BF9EBE1A4} = {80FCDFCF-CF16-3B63-9867-A33BF9EBE1A4}
		{42B85FC8-A227-307E-8D8F-1DA725148932} = {42B85FC8-A227-307E-8D8F-1DA725148932}
		{2738CA34-2D0C-364F-BF3F-387E6CC14640} = {2738CA34-2D0C-364F-BF3F-387E6CC14640}
		{F37A9FAD-E063-3E15-BD56-146F77B7D185} = {F37A9FAD-E063-3E15-BD56-146F77B7D185}
	EndProjectSection
EndProject
Project("{8BC9CEB8-8B4A-11D0-8D11-00A0C91BC942}") = "ALL_BUILD", "ALL_BUILD.vcxproj", "{DA5856BA-AA4A-3298-A89E-BE6C969E4AAA}"
	ProjectSection(ProjectDependencies) = postProject
		{2CA589EB-A89D-3D78-8362-8EADDFC7DF21} = {2CA589EB-A89D-3D78-8362-8EADDFC7DF21}
		{859A5F97-8D18-3FC3-98E1-6D3BB807C0BA} = {859A5F97-8D18-3FC3-98E1-6D3BB807C0BA}
		{838CF6F2-DB24-393B-8DEA-6352D6D05874} = {838CF6F2-DB24-393B-8DEA-6352D6D05874}
		{66F39557-B3D7-3080-8285-661C4C8979EE} = {66F39557-B3D7-3080-8285-661C4C8979EE}
		{80FCDFCF-CF16-3B63-9867-A33BF9EBE1A4} = {80FCDFCF-CF16-3B63-9867-A33BF9EBE1A4}
		{42B85FC8-A227-307E-8D8F-1DA725148932} = {42B85FC8-A227-307E-8D8F-1DA725148932}
		{9DD3144C-F219-3DE4-B21F-F773CE6178E9} = {9DD3144C-F219-3DE4-B21F-F773CE6178E9}
		{2738CA34-2D0C-364F-BF3F-387E6CC14640} = {2738CA34-2D0C-364F-BF3F-387E6CC14640}
		{FE3439B9-8823-39EF-9434-BD046F06F4DF} = {FE3439B9-8823-39EF-9434-BD046F06F4DF}
		{F37A9FAD-E063-3E15-BD56-146F77B7D185} = {F37A9FAD-E063-3E15-BD56-146F77B7D185}
	EndProjectSection
EndProject
Project("{8BC9CEB8-8B4A-11D0-8D11-00A0C91BC942}") = "Continuous", "Code\Dependencies\json-3.9.1\Continuous.vcxproj", "{C327EBB7-1C38-37EB-A7AE-151D33DB1EED}"
	ProjectSection(ProjectDependencies) = postProject
		{838CF6F2-DB24-393B-8DEA-6352D6D05874} = {838CF6F2-DB24-393B-8DEA-6352D6D05874}
	EndProjectSection
EndProject
Project("{8BC9CEB8-8B4A-11D0-8D11-00A0C91BC942}") = "Experimental", "Code\Dependencies\json-3.9.1\Experimental.vcxproj", "{74CEF1B7-613A-3AE7-B1F7-CE4F909BD0B2}"
	ProjectSection(ProjectDependencies) = postProject
		{838CF6F2-DB24-393B-8DEA-6352D6D05874} = {838CF6F2-DB24-393B-8DEA-6352D6D05874}
	EndProjectSection
EndProject
Project("{8BC9CEB8-8B4A-11D0-8D11-00A0C91BC942}") = "INSTALL", "INSTALL.vcxproj", "{475F8FD1-BE56-3835-B7A1-8AF848416A57}"
	ProjectSection(ProjectDependencies) = postProject
		{DA5856BA-AA4A-3298-A89E-BE6C969E4AAA} = {DA5856BA-AA4A-3298-A89E-BE6C969E4AAA}
		{838CF6F2-DB24-393B-8DEA-6352D6D05874} = {838CF6F2-DB24-393B-8DEA-6352D6D05874}
	EndProjectSection
EndProject
Project("{8BC9CEB8-8B4A-11D0-8D11-00A0C91BC942}") = "MnemosyEngine", "MnemosyEngine.vcxproj", "{859A5F97-8D18-3FC3-98E1-6D3BB807C0BA}"
	ProjectSection(ProjectDependencies) = postProject
		{838CF6F2-DB24-393B-8DEA-6352D6D05874} = {838CF6F2-DB24-393B-8DEA-6352D6D05874}
		{66F39557-B3D7-3080-8285-661C4C8979EE} = {66F39557-B3D7-3080-8285-661C4C8979EE}
		{80FCDFCF-CF16-3B63-9867-A33BF9EBE1A4} = {80FCDFCF-CF16-3B63-9867-A33BF9EBE1A4}
		{42B85FC8-A227-307E-8D8F-1DA725148932} = {42B85FC8-A227-307E-8D8F-1DA725148932}
		{2738CA34-2D0C-364F-BF3F-387E6CC14640} = {2738CA34-2D0C-364F-BF3F-387E6CC14640}
		{F37A9FAD-E063-3E15-BD56-146F77B7D185} = {F37A9FAD-E063-3E15-BD56-146F77B7D185}
	EndProjectSection
EndProject
Project("{8BC9CEB8-8B4A-11D0-8D11-00A0C91BC942}") = "Nightly", "Code\Dependencies\json-3.9.1\Nightly.vcxproj", "{BEE1278B-1B0B-3975-83DE-7FA8696AF4A1}"
	ProjectSection(ProjectDependencies) = postProject
		{838CF6F2-DB24-393B-8DEA-6352D6D05874} = {838CF6F2-DB24-393B-8DEA-6352D6D05874}
	EndProjectSection
EndProject
Project("{8BC9CEB8-8B4A-11D0-8D11-00A0C91BC942}") = "NightlyMemoryCheck", "Code\Dependencies\json-3.9.1\NightlyMemoryCheck.vcxproj", "{04CA4DF1-07A0-301D-8078-970E3C0E8EBA}"
	ProjectSection(ProjectDependencies) = postProject
		{838CF6F2-DB24-393B-8DEA-6352D6D05874} = {838CF6F2-DB24-393B-8DEA-6352D6D05874}
	EndProjectSection
EndProject
Project("{8BC9CEB8-8B4A-11D0-8D11-00A0C91BC942}") = "PACKAGE", "PACKAGE.vcxproj", "{74B3A89B-F9B1-3045-AF04-34CF33F5002A}"
	ProjectSection(ProjectDependencies) = postProject
		{DA5856BA-AA4A-3298-A89E-BE6C969E4AAA} = {DA5856BA-AA4A-3298-A89E-BE6C969E4AAA}
		{838CF6F2-DB24-393B-8DEA-6352D6D05874} = {838CF6F2-DB24-393B-8DEA-6352D6D05874}
	EndProjectSection
EndProject
Project("{8BC9CEB8-8B4A-11D0-8D11-00A0C91BC942}") = "UpdateAssimpLibsDebugSymbolsAndDLLs", "Code\Dependencies\assimp-master\UpdateAssimpLibsDebugSymbolsAndDLLs.vcxproj", "{B415BD16-D6FB-3DDD-BB92-4680606AC8F4}"
	ProjectSection(ProjectDependencies) = postProject
		{838CF6F2-DB24-393B-8DEA-6352D6D05874} = {838CF6F2-DB24-393B-8DEA-6352D6D05874}
	EndProjectSection
EndProject
Project("{8BC9CEB8-8B4A-11D0-8D11-00A0C91BC942}") = "ZERO_CHECK", "ZERO_CHECK.vcxproj", "{838CF6F2-DB24-393B-8DEA-6352D6D05874}"
	ProjectSection(ProjectDependencies) = postProject
	EndProjectSection
EndProject
Project("{8BC9CEB8-8B4A-11D0-8D11-00A0C91BC942}") = "assimp", "Code\Dependencies\assimp-master\code\assimp.vcxproj", "{66F39557-B3D7-3080-8285-661C4C8979EE}"
	ProjectSection(ProjectDependencies) = postProject
		{838CF6F2-DB24-393B-8DEA-6352D6D05874} = {838CF6F2-DB24-393B-8DEA-6352D6D05874}
		{F37A9FAD-E063-3E15-BD56-146F77B7D185} = {F37A9FAD-E063-3E15-BD56-146F77B7D185}
	EndProjectSection
EndProject
Project("{8BC9CEB8-8B4A-11D0-8D11-00A0C91BC942}") = "glad", "Code\Dependencies\glad\glad.vcxproj", "{80FCDFCF-CF16-3B63-9867-A33BF9EBE1A4}"
	ProjectSection(ProjectDependencies) = postProject
		{838CF6F2-DB24-393B-8DEA-6352D6D05874} = {838CF6F2-DB24-393B-8DEA-6352D6D05874}
	EndProjectSection
EndProject
Project("{8BC9CEB8-8B4A-11D0-8D11-00A0C91BC942}") = "glfw", "Code\Dependencies\glfw-3.3.9\src\glfw.vcxproj", "{42B85FC8-A227-307E-8D8F-1DA725148932}"
	ProjectSection(ProjectDependencies) = postProject
		{838CF6F2-DB24-393B-8DEA-6352D6D05874} = {838CF6F2-DB24-393B-8DEA-6352D6D05874}
	EndProjectSection
EndProject
Project("{8BC9CEB8-8B4A-11D0-8D11-00A0C91BC942}") = "spdlog", "Code\Dependencies\spdlog-1.x\spdlog.vcxproj", "{9DD3144C-F219-3DE4-B21F-F773CE6178E9}"
	ProjectSection(ProjectDependencies) = postProject
		{838CF6F2-DB24-393B-8DEA-6352D6D05874} = {838CF6F2-DB24-393B-8DEA-6352D6D05874}
	EndProjectSection
EndProject
Project("{8BC9CEB8-8B4A-11D0-8D11-00A0C91BC942}") = "tinyxml2", "Code\Dependencies\tinyxml2\tinyxml2.vcxproj", "{2738CA34-2D0C-364F-BF3F-387E6CC14640}"
	ProjectSection(ProjectDependencies) = postProject
		{838CF6F2-DB24-393B-8DEA-6352D6D05874} = {838CF6F2-DB24-393B-8DEA-6352D6D05874}
	EndProjectSection
EndProject
Project("{8BC9CEB8-8B4A-11D0-8D11-00A0C91BC942}") = "uninstall", "Code\Dependencies\glfw-3.3.9\uninstall.vcxproj", "{C7A7F636-E31D-321A-AA16-BABB9E1B654D}"
	ProjectSection(ProjectDependencies) = postProject
		{838CF6F2-DB24-393B-8DEA-6352D6D05874} = {838CF6F2-DB24-393B-8DEA-6352D6D05874}
	EndProjectSection
EndProject
Project("{8BC9CEB8-8B4A-11D0-8D11-00A0C91BC942}") = "update_mappings", "Code\Dependencies\glfw-3.3.9\src\update_mappings.vcxproj", "{879435AB-7645-34A6-A76C-CC9EB86FD7CF}"
	ProjectSection(ProjectDependencies) = postProject
		{838CF6F2-DB24-393B-8DEA-6352D6D05874} = {838CF6F2-DB24-393B-8DEA-6352D6D05874}
	EndProjectSection
EndProject
Project("{8BC9CEB8-8B4A-11D0-8D11-00A0C91BC942}") = "xmltest", "Code\Dependencies\tinyxml2\xmltest.vcxproj", "{FE3439B9-8823-39EF-9434-BD046F06F4DF}"
	ProjectSection(ProjectDependencies) = postProject
		{838CF6F2-DB24-393B-8DEA-6352D6D05874} = {838CF6F2-DB24-393B-8DEA-6352D6D05874}
		{2738CA34-2D0C-364F-BF3F-387E6CC14640} = {2738CA34-2D0C-364F-BF3F-387E6CC14640}
	EndProjectSection
EndProject
Project("{8BC9CEB8-8B4A-11D0-8D11-00A0C91BC942}") = "zlibstatic", "Code\Dependencies\assimp-master\contrib\zlib\zlibstatic.vcxproj", "{F37A9FAD-E063-3E15-BD56-146F77B7D185}"
	ProjectSection(ProjectDependencies) = postProject
		{838CF6F2-DB24-393B-8DEA-6352D6D05874} = {838CF6F2-DB24-393B-8DEA-6352D6D05874}
	EndProjectSection
EndProject
Global
	GlobalSection(SolutionConfigurationPlatforms) = preSolution
		Debug|x64 = Debug|x64
		Release|x64 = Release|x64
		MinSizeRel|x64 = MinSizeRel|x64
		RelWithDebInfo|x64 = RelWithDebInfo|x64
	EndGlobalSection
	GlobalSection(ProjectConfigurationPlatforms) = postSolution
		{2CA589EB-A89D-3D78-8362-8EADDFC7DF21}.Debug|x64.ActiveCfg = Debug|x64
		{2CA589EB-A89D-3D78-8362-8EADDFC7DF21}.Debug|x64.Build.0 = Debug|x64
		{2CA589EB-A89D-3D78-8362-8EADDFC7DF21}.Release|x64.ActiveCfg = Release|x64
		{2CA589EB-A89D-3D78-8362-8EADDFC7DF21}.Release|x64.Build.0 = Release|x64
		{2CA589EB-A89D-3D78-8362-8EADDFC7DF21}.MinSizeRel|x64.ActiveCfg = MinSizeRel|x64
		{2CA589EB-A89D-3D78-8362-8EADDFC7DF21}.MinSizeRel|x64.Build.0 = MinSizeRel|x64
		{2CA589EB-A89D-3D78-8362-8EADDFC7DF21}.RelWithDebInfo|x64.ActiveCfg = RelWithDebInfo|x64
		{2CA589EB-A89D-3D78-8362-8EADDFC7DF21}.RelWithDebInfo|x64.Build.0 = RelWithDebInfo|x64
		{DA5856BA-AA4A-3298-A89E-BE6C969E4AAA}.Debug|x64.ActiveCfg = Debug|x64
		{DA5856BA-AA4A-3298-A89E-BE6C969E4AAA}.Debug|x64.Build.0 = Debug|x64
		{DA5856BA-AA4A-3298-A89E-BE6C969E4AAA}.Release|x64.ActiveCfg = Release|x64
		{DA5856BA-AA4A-3298-A89E-BE6C969E4AAA}.Release|x64.Build.0 = Release|x64
		{DA5856BA-AA4A-3298-A89E-BE6C969E4AAA}.MinSizeRel|x64.ActiveCfg = MinSizeRel|x64
		{DA5856BA-AA4A-3298-A89E-BE6C969E4AAA}.MinSizeRel|x64.Build.0 = MinSizeRel|x64
		{DA5856BA-AA4A-3298-A89E-BE6C969E4AAA}.RelWithDebInfo|x64.ActiveCfg = RelWithDebInfo|x64
		{DA5856BA-AA4A-3298-A89E-BE6C969E4AAA}.RelWithDebInfo|x64.Build.0 = RelWithDebInfo|x64
		{C327EBB7-1C38-37EB-A7AE-151D33DB1EED}.Debug|x64.ActiveCfg = Debug|x64
		{C327EBB7-1C38-37EB-A7AE-151D33DB1EED}.Release|x64.ActiveCfg = Release|x64
		{C327EBB7-1C38-37EB-A7AE-151D33DB1EED}.MinSizeRel|x64.ActiveCfg = MinSizeRel|x64
		{C327EBB7-1C38-37EB-A7AE-151D33DB1EED}.RelWithDebInfo|x64.ActiveCfg = RelWithDebInfo|x64
		{74CEF1B7-613A-3AE7-B1F7-CE4F909BD0B2}.Debug|x64.ActiveCfg = Debug|x64
		{74CEF1B7-613A-3AE7-B1F7-CE4F909BD0B2}.Release|x64.ActiveCfg = Release|x64
		{74CEF1B7-613A-3AE7-B1F7-CE4F909BD0B2}.MinSizeRel|x64.ActiveCfg = MinSizeRel|x64
		{74CEF1B7-613A-3AE7-B1F7-CE4F909BD0B2}.RelWithDebInfo|x64.ActiveCfg = RelWithDebInfo|x64
		{475F8FD1-BE56-3835-B7A1-8AF848416A57}.Debug|x64.ActiveCfg = Debug|x64
		{475F8FD1-BE56-3835-B7A1-8AF848416A57}.Release|x64.ActiveCfg = Release|x64
		{475F8FD1-BE56-3835-B7A1-8AF848416A57}.MinSizeRel|x64.ActiveCfg = MinSizeRel|x64
		{475F8FD1-BE56-3835-B7A1-8AF848416A57}.RelWithDebInfo|x64.ActiveCfg = RelWithDebInfo|x64
		{859A5F97-8D18-3FC3-98E1-6D3BB807C0BA}.Debug|x64.ActiveCfg = Debug|x64
		{859A5F97-8D18-3FC3-98E1-6D3BB807C0BA}.Debug|x64.Build.0 = Debug|x64
		{859A5F97-8D18-3FC3-98E1-6D3BB807C0BA}.Release|x64.ActiveCfg = Release|x64
		{859A5F97-8D18-3FC3-98E1-6D3BB807C0BA}.Release|x64.Build.0 = Release|x64
		{859A5F97-8D18-3FC3-98E1-6D3BB807C0BA}.MinSizeRel|x64.ActiveCfg = MinSizeRel|x64
		{859A5F97-8D18-3FC3-98E1-6D3BB807C0BA}.MinSizeRel|x64.Build.0 = MinSizeRel|x64
		{859A5F97-8D18-3FC3-98E1-6D3BB807C0BA}.RelWithDebInfo|x64.ActiveCfg = RelWithDebInfo|x64
		{859A5F97-8D18-3FC3-98E1-6D3BB807C0BA}.RelWithDebInfo|x64.Build.0 = RelWithDebInfo|x64
		{BEE1278B-1B0B-3975-83DE-7FA8696AF4A1}.Debug|x64.ActiveCfg = Debug|x64
		{BEE1278B-1B0B-3975-83DE-7FA8696AF4A1}.Release|x64.ActiveCfg = Release|x64
		{BEE1278B-1B0B-3975-83DE-7FA8696AF4A1}.MinSizeRel|x64.ActiveCfg = MinSizeRel|x64
		{BEE1278B-1B0B-3975-83DE-7FA8696AF4A1}.RelWithDebInfo|x64.ActiveCfg = RelWithDebInfo|x64
		{04CA4DF1-07A0-301D-8078-970E3C0E8EBA}.Debug|x64.ActiveCfg = Debug|x64
		{04CA4DF1-07A0-301D-8078-970E3C0E8EBA}.Release|x64.ActiveCfg = Release|x64
		{04CA4DF1-07A0-301D-8078-970E3C0E8EBA}.MinSizeRel|x64.ActiveCfg = MinSizeRel|x64
		{04CA4DF1-07A0-301D-8078-970E3C0E8EBA}.RelWithDebInfo|x64.ActiveCfg = RelWithDebInfo|x64
		{74B3A89B-F9B1-3045-AF04-34CF33F5002A}.Debug|x64.ActiveCfg = Debug|x64
		{74B3A89B-F9B1-3045-AF04-34CF33F5002A}.Release|x64.ActiveCfg = Release|x64
		{74B3A89B-F9B1-3045-AF04-34CF33F5002A}.MinSizeRel|x64.ActiveCfg = MinSizeRel|x64
		{74B3A89B-F9B1-3045-AF04-34CF33F5002A}.RelWithDebInfo|x64.ActiveCfg = RelWithDebInfo|x64
		{B415BD16-D6FB-3DDD-BB92-4680606AC8F4}.Debug|x64.ActiveCfg = Debug|x64
		{B415BD16-D6FB-3DDD-BB92-4680606AC8F4}.Release|x64.ActiveCfg = Release|x64
		{B415BD16-D6FB-3DDD-BB92-4680606AC8F4}.MinSizeRel|x64.ActiveCfg = MinSizeRel|x64
		{B415BD16-D6FB-3DDD-BB92-4680606AC8F4}.RelWithDebInfo|x64.ActiveCfg = RelWithDebInfo|x64
		{838CF6F2-DB24-393B-8DEA-6352D6D05874}.Debug|x64.ActiveCfg = Debug|x64
		{838CF6F2-DB24-393B-8DEA-6352D6D05874}.Debug|x64.Build.0 = Debug|x64
		{838CF6F2-DB24-393B-8DEA-6352D6D05874}.Release|x64.ActiveCfg = Release|x64
		{838CF6F2-DB24-393B-8DEA-6352D6D05874}.Release|x64.Build.0 = Release|x64
		{838CF6F2-DB24-393B-8DEA-6352D6D05874}.MinSizeRel|x64.ActiveCfg = MinSizeRel|x64
		{838CF6F2-DB24-393B-8DEA-6352D6D05874}.MinSizeRel|x64.Build.0 = MinSizeRel|x64
		{838CF6F2-DB24-393B-8DEA-6352D6D05874}.RelWithDebInfo|x64.ActiveCfg = RelWithDebInfo|x64
		{838CF6F2-DB24-393B-8DEA-6352D6D05874}.RelWithDebInfo|x64.Build.0 = RelWithDebInfo|x64
		{66F39557-B3D7-3080-8285-661C4C8979EE}.Debug|x64.ActiveCfg = Debug|x64
		{66F39557-B3D7-3080-8285-661C4C8979EE}.Debug|x64.Build.0 = Debug|x64
		{66F39557-B3D7-3080-8285-661C4C8979EE}.Release|x64.ActiveCfg = Release|x64
		{66F39557-B3D7-3080-8285-661C4C8979EE}.Release|x64.Build.0 = Release|x64
		{66F39557-B3D7-3080-8285-661C4C8979EE}.MinSizeRel|x64.ActiveCfg = MinSizeRel|x64
		{66F39557-B3D7-3080-8285-661C4C8979EE}.MinSizeRel|x64.Build.0 = MinSizeRel|x64
		{66F39557-B3D7-3080-8285-661C4C8979EE}.RelWithDebInfo|x64.ActiveCfg = RelWithDebInfo|x64
		{66F39557-B3D7-3080-8285-661C4C8979EE}.RelWithDebInfo|x64.Build.0 = RelWithDebInfo|x64
		{80FCDFCF-CF16-3B63-9867-A33BF9EBE1A4}.Debug|x64.ActiveCfg = Debug|x64
		{80FCDFCF-CF16-3B63-9867-A33BF9EBE1A4}.Debug|x64.Build.0 = Debug|x64
		{80FCDFCF-CF16-3B63-9867-A33BF9EBE1A4}.Release|x64.ActiveCfg = Release|x64
		{80FCDFCF-CF16-3B63-9867-A33BF9EBE1A4}.Release|x64.Build.0 = Release|x64
		{80FCDFCF-CF16-3B63-9867-A33BF9EBE1A4}.MinSizeRel|x64.ActiveCfg = MinSizeRel|x64
		{80FCDFCF-CF16-3B63-9867-A33BF9EBE1A4}.MinSizeRel|x64.Build.0 = MinSizeRel|x64
		{80FCDFCF-CF16-3B63-9867-A33BF9EBE1A4}.RelWithDebInfo|x64.ActiveCfg = RelWithDebInfo|x64
		{80FCDFCF-CF16-3B63-9867-A33BF9EBE1A4}.RelWithDebInfo|x64.Build.0 = RelWithDebInfo|x64
		{42B85FC8-A227-307E-8D8F-1DA725148932}.Debug|x64.ActiveCfg = Debug|x64
		{42B85FC8-A227-307E-8D8F-1DA725148932}.Debug|x64.Build.0 = Debug|x64
		{42B85FC8-A227-307E-8D8F-1DA725148932}.Release|x64.ActiveCfg = Release|x64
		{42B85FC8-A227-307E-8D8F-1DA725148932}.Release|x64.Build.0 = Release|x64
		{42B85FC8-A227-307E-8D8F-1DA725148932}.MinSizeRel|x64.ActiveCfg = MinSizeRel|x64
		{42B85FC8-A227-307E-8D8F-1DA725148932}.MinSizeRel|x64.Build.0 = MinSizeRel|x64
		{42B85FC8-A227-307E-8D8F-1DA725148932}.RelWithDebInfo|x64.ActiveCfg = RelWithDebInfo|x64
		{42B85FC8-A227-307E-8D8F-1DA725148932}.RelWithDebInfo|x64.Build.0 = RelWithDebInfo|x64
		{9DD3144C-F219-3DE4-B21F-F773CE6178E9}.Debug|x64.ActiveCfg = Debug|x64
		{9DD3144C-F219-3DE4-B21F-F773CE6178E9}.Debug|x64.Build.0 = Debug|x64
		{9DD3144C-F219-3DE4-B21F-F773CE6178E9}.Release|x64.ActiveCfg = Release|x64
		{9DD3144C-F219-3DE4-B21F-F773CE6178E9}.Release|x64.Build.0 = Release|x64
		{9DD3144C-F219-3DE4-B21F-F773CE6178E9}.MinSizeRel|x64.ActiveCfg = MinSizeRel|x64
		{9DD3144C-F219-3DE4-B21F-F773CE6178E9}.MinSizeRel|x64.Build.0 = MinSizeRel|x64
		{9DD3144C-F219-3DE4-B21F-F773CE6178E9}.RelWithDebInfo|x64.ActiveCfg = RelWithDebInfo|x64
		{9DD3144C-F219-3DE4-B21F-F773CE6178E9}.RelWithDebInfo|x64.Build.0 = RelWithDebInfo|x64
		{2738CA34-2D0C-364F-BF3F-387E6CC14640}.Debug|x64.ActiveCfg = Debug|x64
		{2738CA34-2D0C-364F-BF3F-387E6CC14640}.Debug|x64.Build.0 = Debug|x64
		{2738CA34-2D0C-364F-BF3F-387E6CC14640}.Release|x64.ActiveCfg = Release|x64
		{2738CA34-2D0C-364F-BF3F-387E6CC14640}.Release|x64.Build.0 = Release|x64
		{2738CA34-2D0C-364F-BF3F-387E6CC14640}.MinSizeRel|x64.ActiveCfg = MinSizeRel|x64
		{2738CA34-2D0C-364F-BF3F-387E6CC14640}.MinSizeRel|x64.Build.0 = MinSizeRel|x64
		{2738CA34-2D0C-364F-BF3F-387E6CC14640}.RelWithDebInfo|x64.ActiveCfg = RelWithDebInfo|x64
		{2738CA34-2D0C-364F-BF3F-387E6CC14640}.RelWithDebInfo|x64.Build.0 = RelWithDebInfo|x64
		{C7A7F636-E31D-321A-AA16-BABB9E1B654D}.Debug|x64.ActiveCfg = Debug|x64
		{C7A7F636-E31D-321A-AA16-BABB9E1B654D}.Release|x64.ActiveCfg = Release|x64
		{C7A7F636-E31D-321A-AA16-BABB9E1B654D}.MinSizeRel|x64.ActiveCfg = MinSizeRel|x64
		{C7A7F636-E31D-321A-AA16-BABB9E1B654D}.RelWithDebInfo|x64.ActiveCfg = RelWithDebInfo|x64
		{879435AB-7645-34A6-A76C-CC9EB86FD7CF}.Debug|x64.ActiveCfg = Debug|x64
		{879435AB-7645-34A6-A76C-CC9EB86FD7CF}.Release|x64.ActiveCfg = Release|x64
		{879435AB-7645-34A6-A76C-CC9EB86FD7CF}.MinSizeRel|x64.ActiveCfg = MinSizeRel|x64
		{879435AB-7645-34A6-A76C-CC9EB86FD7CF}.RelWithDebInfo|x64.ActiveCfg = RelWithDebInfo|x64
		{FE3439B9-8823-39EF-9434-BD046F06F4DF}.Debug|x64.ActiveCfg = Debug|x64
		{FE3439B9-8823-39EF-9434-BD046F06F4DF}.Debug|x64.Build.0 = Debug|x64
		{FE3439B9-8823-39EF-9434-BD046F06F4DF}.Release|x64.ActiveCfg = Release|x64
		{FE3439B9-8823-39EF-9434-BD046F06F4DF}.Release|x64.Build.0 = Release|x64
		{FE3439B9-8823-39EF-9434-BD046F06F4DF}.MinSizeRel|x64.ActiveCfg = MinSizeRel|x64
		{FE3439B9-8823-39EF-9434-BD046F06F4DF}.MinSizeRel|x64.Build.0 = MinSizeRel|x64
		{FE3439B9-8823-39EF-9434-BD046F06F4DF}.RelWithDebInfo|x64.ActiveCfg = RelWithDebInfo|x64
		{FE3439B9-8823-39EF-9434-BD046F06F4DF}.RelWithDebInfo|x64.Build.0 = RelWithDebInfo|x64
		{F37A9FAD-E063-3E15-BD56-146F77B7D185}.Debug|x64.ActiveCfg = Debug|x64
		{F37A9FAD-E063-3E15-BD56-146F77B7D185}.Debug|x64.Build.0 = Debug|x64
		{F37A9FAD-E063-3E15-BD56-146F77B7D185}.Release|x64.ActiveCfg = Release|x64
		{F37A9FAD-E063-3E15-BD56-146F77B7D185}.Release|x64.Build.0 = Release|x64
		{F37A9FAD-E063-3E15-BD56-146F77B7D185}.MinSizeRel|x64.ActiveCfg = MinSizeRel|x64
		{F37A9FAD-E063-3E15-BD56-146F77B7D185}.MinSizeRel|x64.Build.0 = MinSizeRel|x64
		{F37A9FAD-E063-3E15-BD56-146F77B7D185}.RelWithDebInfo|x64.ActiveCfg = RelWithDebInfo|x64
		{F37A9FAD-E063-3E15-BD56-146F77B7D185}.RelWithDebInfo|x64.Build.0 = RelWithDebInfo|x64
	EndGlobalSection
	GlobalSection(NestedProjects) = preSolution
		{DA5856BA-AA4A-3298-A89E-BE6C969E4AAA} = {D8B97FB5-2E98-3FAB-B553-4A51AB31BBDE}
		{475F8FD1-BE56-3835-B7A1-8AF848416A57} = {D8B97FB5-2E98-3FAB-B553-4A51AB31BBDE}
		{74B3A89B-F9B1-3045-AF04-34CF33F5002A} = {D8B97FB5-2E98-3FAB-B553-4A51AB31BBDE}
		{838CF6F2-DB24-393B-8DEA-6352D6D05874} = {D8B97FB5-2E98-3FAB-B553-4A51AB31BBDE}
		{C327EBB7-1C38-37EB-A7AE-151D33DB1EED} = {E91AF872-C30F-36E5-9807-C19175E65987}
		{74CEF1B7-613A-3AE7-B1F7-CE4F909BD0B2} = {E91AF872-C30F-36E5-9807-C19175E65987}
		{BEE1278B-1B0B-3975-83DE-7FA8696AF4A1} = {E91AF872-C30F-36E5-9807-C19175E65987}
		{04CA4DF1-07A0-301D-8078-970E3C0E8EBA} = {E91AF872-C30F-36E5-9807-C19175E65987}
		{42B85FC8-A227-307E-8D8F-1DA725148932} = {938FD27D-32B7-36DD-A127-FBC460934AE2}
		{C7A7F636-E31D-321A-AA16-BABB9E1B654D} = {938FD27D-32B7-36DD-A127-FBC460934AE2}
		{879435AB-7645-34A6-A76C-CC9EB86FD7CF} = {938FD27D-32B7-36DD-A127-FBC460934AE2}
	EndGlobalSection
	GlobalSection(ExtensibilityGlobals) = postSolution
		SolutionGuid = {B7DE2DC4-F4FD-3C42-A52B-B9FD92445FE7}
	EndGlobalSection
	GlobalSection(ExtensibilityAddIns) = postSolution
	EndGlobalSection
EndGlobal
